// !$*UTF8*$!
{
	archiveVersion = 1;
	classes = {
	};
	objectVersion = 46;
	objects = {

/* Begin PBXBuildFile section */
		6066CFA51DBFC8A70091B254 /* AppDelegate.swift in Sources */ = {isa = PBXBuildFile; fileRef = 6066CFA41DBFC8A70091B254 /* AppDelegate.swift */; };
		6066CFA71DBFC8A70091B254 /* RecordSoundsViewController.swift in Sources */ = {isa = PBXBuildFile; fileRef = 6066CFA61DBFC8A70091B254 /* RecordSoundsViewController.swift */; };
		6066CFAA1DBFC8A70091B254 /* Main.storyboard in Resources */ = {isa = PBXBuildFile; fileRef = 6066CFA81DBFC8A70091B254 /* Main.storyboard */; };
		6066CFAC1DBFC8A70091B254 /* Assets.xcassets in Resources */ = {isa = PBXBuildFile; fileRef = 6066CFAB1DBFC8A70091B254 /* Assets.xcassets */; };
		6066CFAF1DBFC8A70091B254 /* LaunchScreen.storyboard in Resources */ = {isa = PBXBuildFile; fileRef = 6066CFAD1DBFC8A70091B254 /* LaunchScreen.storyboard */; };
		6066CFBA1DBFC8A70091B254 /* Pitch_PerfectTests.swift in Sources */ = {isa = PBXBuildFile; fileRef = 6066CFB91DBFC8A70091B254 /* Pitch_PerfectTests.swift */; };
		6066CFC51DBFC8A70091B254 /* Pitch_PerfectUITests.swift in Sources */ = {isa = PBXBuildFile; fileRef = 6066CFC41DBFC8A70091B254 /* Pitch_PerfectUITests.swift */; };
		6066D1811DCD03160091B254 /* RecordSoundsViewController.swift in Sources */ = {isa = PBXBuildFile; fileRef = 6066CFA61DBFC8A70091B254 /* RecordSoundsViewController.swift */; };
		6066D1821DCD03170091B254 /* RecordSoundsViewController.swift in Sources */ = {isa = PBXBuildFile; fileRef = 6066CFA61DBFC8A70091B254 /* RecordSoundsViewController.swift */; };
		6066D1841DCD066C0091B254 /* PlaySoundsViewController.swift in Sources */ = {isa = PBXBuildFile; fileRef = 6066D1831DCD066C0091B254 /* PlaySoundsViewController.swift */; };
		6066D1851DCD0A6A0091B254 /* PlaySoundsViewController.swift in Sources */ = {isa = PBXBuildFile; fileRef = 6066D1831DCD066C0091B254 /* PlaySoundsViewController.swift */; };
		6066D1861DCD0A6B0091B254 /* PlaySoundsViewController.swift in Sources */ = {isa = PBXBuildFile; fileRef = 6066D1831DCD066C0091B254 /* PlaySoundsViewController.swift */; };
		6066D18A1DCE4F740091B254 /* playsoundsviewcontroller-audio.swift in Sources */ = {isa = PBXBuildFile; fileRef = 6066D1891DCE4F740091B254 /* playsoundsviewcontroller-audio.swift */; };
		6066D18B1DCE56380091B254 /* playsoundsviewcontroller-audio.swift in Sources */ = {isa = PBXBuildFile; fileRef = 6066D1891DCE4F740091B254 /* playsoundsviewcontroller-audio.swift */; };
		6066D18C1DCE56390091B254 /* playsoundsviewcontroller-audio.swift in Sources */ = {isa = PBXBuildFile; fileRef = 6066D1891DCE4F740091B254 /* playsoundsviewcontroller-audio.swift */; };
/* End PBXBuildFile section */

/* Begin PBXContainerItemProxy section */
		6066CFB61DBFC8A70091B254 /* PBXContainerItemProxy */ = {
			isa = PBXContainerItemProxy;
			containerPortal = 6066CF991DBFC8A60091B254 /* Project object */;
			proxyType = 1;
			remoteGlobalIDString = 6066CFA01DBFC8A60091B254;
			remoteInfo = "Pitch Perfect";
		};
		6066CFC11DBFC8A70091B254 /* PBXContainerItemProxy */ = {
			isa = PBXContainerItemProxy;
			containerPortal = 6066CF991DBFC8A60091B254 /* Project object */;
			proxyType = 1;
			remoteGlobalIDString = 6066CFA01DBFC8A60091B254;
			remoteInfo = "Pitch Perfect";
		};
/* End PBXContainerItemProxy section */

/* Begin PBXFileReference section */
		6066CFA11DBFC8A70091B254 /* Pitch Perfect.app */ = {isa = PBXFileReference; explicitFileType = wrapper.application; includeInIndex = 0; path = "Pitch Perfect.app"; sourceTree = BUILT_PRODUCTS_DIR; };
		6066CFA41DBFC8A70091B254 /* AppDelegate.swift */ = {isa = PBXFileReference; lastKnownFileType = sourcecode.swift; path = AppDelegate.swift; sourceTree = "<group>"; };
		6066CFA61DBFC8A70091B254 /* RecordSoundsViewController.swift */ = {isa = PBXFileReference; lastKnownFileType = sourcecode.swift; path = RecordSoundsViewController.swift; sourceTree = "<group>"; };
		6066CFA91DBFC8A70091B254 /* Base */ = {isa = PBXFileReference; lastKnownFileType = file.storyboard; name = Base; path = Base.lproj/Main.storyboard; sourceTree = "<group>"; };
		6066CFAB1DBFC8A70091B254 /* Assets.xcassets */ = {isa = PBXFileReference; lastKnownFileType = folder.assetcatalog; path = Assets.xcassets; sourceTree = "<group>"; };
		6066CFAE1DBFC8A70091B254 /* Base */ = {isa = PBXFileReference; lastKnownFileType = file.storyboard; name = Base; path = Base.lproj/LaunchScreen.storyboard; sourceTree = "<group>"; };
		6066CFB01DBFC8A70091B254 /* Info.plist */ = {isa = PBXFileReference; lastKnownFileType = text.plist.xml; path = Info.plist; sourceTree = "<group>"; };
		6066CFB51DBFC8A70091B254 /* Pitch PerfectTests.xctest */ = {isa = PBXFileReference; explicitFileType = wrapper.cfbundle; includeInIndex = 0; path = "Pitch PerfectTests.xctest"; sourceTree = BUILT_PRODUCTS_DIR; };
		6066CFB91DBFC8A70091B254 /* Pitch_PerfectTests.swift */ = {isa = PBXFileReference; lastKnownFileType = sourcecode.swift; path = Pitch_PerfectTests.swift; sourceTree = "<group>"; };
		6066CFBB1DBFC8A70091B254 /* Info.plist */ = {isa = PBXFileReference; lastKnownFileType = text.plist.xml; path = Info.plist; sourceTree = "<group>"; };
		6066CFC01DBFC8A70091B254 /* Pitch PerfectUITests.xctest */ = {isa = PBXFileReference; explicitFileType = wrapper.cfbundle; includeInIndex = 0; path = "Pitch PerfectUITests.xctest"; sourceTree = BUILT_PRODUCTS_DIR; };
		6066CFC41DBFC8A70091B254 /* Pitch_PerfectUITests.swift */ = {isa = PBXFileReference; lastKnownFileType = sourcecode.swift; path = Pitch_PerfectUITests.swift; sourceTree = "<group>"; };
		6066CFC61DBFC8A70091B254 /* Info.plist */ = {isa = PBXFileReference; lastKnownFileType = text.plist.xml; path = Info.plist; sourceTree = "<group>"; };
		6066D1831DCD066C0091B254 /* PlaySoundsViewController.swift */ = {isa = PBXFileReference; fileEncoding = 4; lastKnownFileType = sourcecode.swift; path = PlaySoundsViewController.swift; sourceTree = "<group>"; };
		6066D1891DCE4F740091B254 /* playsoundsviewcontroller-audio.swift */ = {isa = PBXFileReference; fileEncoding = 4; lastKnownFileType = sourcecode.swift; path = "playsoundsviewcontroller-audio.swift"; sourceTree = "<group>"; };
/* End PBXFileReference section */

/* Begin PBXFrameworksBuildPhase section */
		6066CF9E1DBFC8A60091B254 /* Frameworks */ = {
			isa = PBXFrameworksBuildPhase;
			buildActionMask = 2147483647;
			files = (
			);
			runOnlyForDeploymentPostprocessing = 0;
		};
		6066CFB21DBFC8A70091B254 /* Frameworks */ = {
			isa = PBXFrameworksBuildPhase;
			buildActionMask = 2147483647;
			files = (
			);
			runOnlyForDeploymentPostprocessing = 0;
		};
		6066CFBD1DBFC8A70091B254 /* Frameworks */ = {
			isa = PBXFrameworksBuildPhase;
			buildActionMask = 2147483647;
			files = (
			);
			runOnlyForDeploymentPostprocessing = 0;
		};
/* End PBXFrameworksBuildPhase section */

/* Begin PBXGroup section */
		6066CF981DBFC8A60091B254 = {
			isa = PBXGroup;
			children = (
				6066CFA31DBFC8A70091B254 /* Pitch Perfect */,
				6066CFB81DBFC8A70091B254 /* Pitch PerfectTests */,
				6066CFC31DBFC8A70091B254 /* Pitch PerfectUITests */,
				6066CFA21DBFC8A70091B254 /* Products */,
			);
			sourceTree = "<group>";
		};
		6066CFA21DBFC8A70091B254 /* Products */ = {
			isa = PBXGroup;
			children = (
				6066CFA11DBFC8A70091B254 /* Pitch Perfect.app */,
				6066CFB51DBFC8A70091B254 /* Pitch PerfectTests.xctest */,
				6066CFC01DBFC8A70091B254 /* Pitch PerfectUITests.xctest */,
			);
			name = Products;
			sourceTree = "<group>";
		};
		6066CFA31DBFC8A70091B254 /* Pitch Perfect */ = {
			isa = PBXGroup;
			children = (
				6066CFA41DBFC8A70091B254 /* AppDelegate.swift */,
				6066CFA61DBFC8A70091B254 /* RecordSoundsViewController.swift */,
				6066D1831DCD066C0091B254 /* PlaySoundsViewController.swift */,
				6066D1891DCE4F740091B254 /* playsoundsviewcontroller-audio.swift */,
				6066CFA81DBFC8A70091B254 /* Main.storyboard */,
				6066CFAB1DBFC8A70091B254 /* Assets.xcassets */,
				6066CFAD1DBFC8A70091B254 /* LaunchScreen.storyboard */,
				6066CFB01DBFC8A70091B254 /* Info.plist */,
			);
			path = "Pitch Perfect";
			sourceTree = "<group>";
		};
		6066CFB81DBFC8A70091B254 /* Pitch PerfectTests */ = {
			isa = PBXGroup;
			children = (
				6066CFB91DBFC8A70091B254 /* Pitch_PerfectTests.swift */,
				6066CFBB1DBFC8A70091B254 /* Info.plist */,
			);
			path = "Pitch PerfectTests";
			sourceTree = "<group>";
		};
		6066CFC31DBFC8A70091B254 /* Pitch PerfectUITests */ = {
			isa = PBXGroup;
			children = (
				6066CFC41DBFC8A70091B254 /* Pitch_PerfectUITests.swift */,
				6066CFC61DBFC8A70091B254 /* Info.plist */,
			);
			path = "Pitch PerfectUITests";
			sourceTree = "<group>";
		};
/* End PBXGroup section */

/* Begin PBXNativeTarget section */
		6066CFA01DBFC8A60091B254 /* Pitch Perfect */ = {
			isa = PBXNativeTarget;
			buildConfigurationList = 6066CFC91DBFC8A70091B254 /* Build configuration list for PBXNativeTarget "Pitch Perfect" */;
			buildPhases = (
				6066CF9D1DBFC8A60091B254 /* Sources */,
				6066CF9E1DBFC8A60091B254 /* Frameworks */,
				6066CF9F1DBFC8A60091B254 /* Resources */,
			);
			buildRules = (
			);
			dependencies = (
			);
			name = "Pitch Perfect";
			productName = "Pitch Perfect";
			productReference = 6066CFA11DBFC8A70091B254 /* Pitch Perfect.app */;
			productType = "com.apple.product-type.application";
		};
		6066CFB41DBFC8A70091B254 /* Pitch PerfectTests */ = {
			isa = PBXNativeTarget;
			buildConfigurationList = 6066CFCC1DBFC8A70091B254 /* Build configuration list for PBXNativeTarget "Pitch PerfectTests" */;
			buildPhases = (
				6066CFB11DBFC8A70091B254 /* Sources */,
				6066CFB21DBFC8A70091B254 /* Frameworks */,
				6066CFB31DBFC8A70091B254 /* Resources */,
			);
			buildRules = (
			);
			dependencies = (
				6066CFB71DBFC8A70091B254 /* PBXTargetDependency */,
			);
			name = "Pitch PerfectTests";
			productName = "Pitch PerfectTests";
			productReference = 6066CFB51DBFC8A70091B254 /* Pitch PerfectTests.xctest */;
			productType = "com.apple.product-type.bundle.unit-test";
		};
		6066CFBF1DBFC8A70091B254 /* Pitch PerfectUITests */ = {
			isa = PBXNativeTarget;
			buildConfigurationList = 6066CFCF1DBFC8A70091B254 /* Build configuration list for PBXNativeTarget "Pitch PerfectUITests" */;
			buildPhases = (
				6066CFBC1DBFC8A70091B254 /* Sources */,
				6066CFBD1DBFC8A70091B254 /* Frameworks */,
				6066CFBE1DBFC8A70091B254 /* Resources */,
			);
			buildRules = (
			);
			dependencies = (
				6066CFC21DBFC8A70091B254 /* PBXTargetDependency */,
			);
			name = "Pitch PerfectUITests";
			productName = "Pitch PerfectUITests";
			productReference = 6066CFC01DBFC8A70091B254 /* Pitch PerfectUITests.xctest */;
			productType = "com.apple.product-type.bundle.ui-testing";
		};
/* End PBXNativeTarget section */

/* Begin PBXProject section */
		6066CF991DBFC8A60091B254 /* Project object */ = {
			isa = PBXProject;
			attributes = {
				LastSwiftUpdateCheck = 0800;
				LastUpgradeCheck = 0800;
				ORGANIZATIONNAME = "Brahma Reddy Chilakala";
				TargetAttributes = {
					6066CFA01DBFC8A60091B254 = {
						CreatedOnToolsVersion = 8.0;
						ProvisioningStyle = Automatic;
					};
					6066CFB41DBFC8A70091B254 = {
						CreatedOnToolsVersion = 8.0;
						ProvisioningStyle = Automatic;
						TestTargetID = 6066CFA01DBFC8A60091B254;
					};
					6066CFBF1DBFC8A70091B254 = {
						CreatedOnToolsVersion = 8.0;
						ProvisioningStyle = Automatic;
						TestTargetID = 6066CFA01DBFC8A60091B254;
					};
				};
			};
			buildConfigurationList = 6066CF9C1DBFC8A60091B254 /* Build configuration list for PBXProject "Pitch Perfect" */;
			compatibilityVersion = "Xcode 3.2";
			developmentRegion = English;
			hasScannedForEncodings = 0;
			knownRegions = (
				en,
				Base,
			);
			mainGroup = 6066CF981DBFC8A60091B254;
			productRefGroup = 6066CFA21DBFC8A70091B254 /* Products */;
			projectDirPath = "";
			projectRoot = "";
			targets = (
				6066CFA01DBFC8A60091B254 /* Pitch Perfect */,
				6066CFB41DBFC8A70091B254 /* Pitch PerfectTests */,
				6066CFBF1DBFC8A70091B254 /* Pitch PerfectUITests */,
			);
		};
/* End PBXProject section */

/* Begin PBXResourcesBuildPhase section */
		6066CF9F1DBFC8A60091B254 /* Resources */ = {
			isa = PBXResourcesBuildPhase;
			buildActionMask = 2147483647;
			files = (
				6066CFAF1DBFC8A70091B254 /* LaunchScreen.storyboard in Resources */,
				6066CFAC1DBFC8A70091B254 /* Assets.xcassets in Resources */,
				6066CFAA1DBFC8A70091B254 /* Main.storyboard in Resources */,
			);
			runOnlyForDeploymentPostprocessing = 0;
		};
		6066CFB31DBFC8A70091B254 /* Resources */ = {
			isa = PBXResourcesBuildPhase;
			buildActionMask = 2147483647;
			files = (
			);
			runOnlyForDeploymentPostprocessing = 0;
		};
		6066CFBE1DBFC8A70091B254 /* Resources */ = {
			isa = PBXResourcesBuildPhase;
			buildActionMask = 2147483647;
			files = (
			);
			runOnlyForDeploymentPostprocessing = 0;
		};
/* End PBXResourcesBuildPhase section */

/* Begin PBXSourcesBuildPhase section */
		6066CF9D1DBFC8A60091B254 /* Sources */ = {
			isa = PBXSourcesBuildPhase;
			buildActionMask = 2147483647;
			files = (
				6066CFA71DBFC8A70091B254 /* RecordSoundsViewController.swift in Sources */,
				6066D1841DCD066C0091B254 /* PlaySoundsViewController.swift in Sources */,
				6066CFA51DBFC8A70091B254 /* AppDelegate.swift in Sources */,
				6066D18A1DCE4F740091B254 /* playsoundsviewcontroller-audio.swift in Sources */,
			);
			runOnlyForDeploymentPostprocessing = 0;
		};
		6066CFB11DBFC8A70091B254 /* Sources */ = {
			isa = PBXSourcesBuildPhase;
			buildActionMask = 2147483647;
			files = (
				6066D1811DCD03160091B254 /* RecordSoundsViewController.swift in Sources */,
				6066D1851DCD0A6A0091B254 /* PlaySoundsViewController.swift in Sources */,
				6066CFBA1DBFC8A70091B254 /* Pitch_PerfectTests.swift in Sources */,
				6066D18B1DCE56380091B254 /* playsoundsviewcontroller-audio.swift in Sources */,
			);
			runOnlyForDeploymentPostprocessing = 0;
		};
		6066CFBC1DBFC8A70091B254 /* Sources */ = {
			isa = PBXSourcesBuildPhase;
			buildActionMask = 2147483647;
			files = (
				6066D1821DCD03170091B254 /* RecordSoundsViewController.swift in Sources */,
				6066D1861DCD0A6B0091B254 /* PlaySoundsViewController.swift in Sources */,
				6066CFC51DBFC8A70091B254 /* Pitch_PerfectUITests.swift in Sources */,
				6066D18C1DCE56390091B254 /* playsoundsviewcontroller-audio.swift in Sources */,
			);
			runOnlyForDeploymentPostprocessing = 0;
		};
/* End PBXSourcesBuildPhase section */

/* Begin PBXTargetDependency section */
		6066CFB71DBFC8A70091B254 /* PBXTargetDependency */ = {
			isa = PBXTargetDependency;
			target = 6066CFA01DBFC8A60091B254 /* Pitch Perfect */;
			targetProxy = 6066CFB61DBFC8A70091B254 /* PBXContainerItemProxy */;
		};
		6066CFC21DBFC8A70091B254 /* PBXTargetDependency */ = {
			isa = PBXTargetDependency;
			target = 6066CFA01DBFC8A60091B254 /* Pitch Perfect */;
			targetProxy = 6066CFC11DBFC8A70091B254 /* PBXContainerItemProxy */;
		};
/* End PBXTargetDependency section */

/* Begin PBXVariantGroup section */
		6066CFA81DBFC8A70091B254 /* Main.storyboard */ = {
			isa = PBXVariantGroup;
			children = (
				6066CFA91DBFC8A70091B254 /* Base */,
			);
			name = Main.storyboard;
			sourceTree = "<group>";
		};
		6066CFAD1DBFC8A70091B254 /* LaunchScreen.storyboard */ = {
			isa = PBXVariantGroup;
			children = (
				6066CFAE1DBFC8A70091B254 /* Base */,
			);
			name = LaunchScreen.storyboard;
			sourceTree = "<group>";
		};
/* End PBXVariantGroup section */

/* Begin XCBuildConfiguration section */
		6066CFC71DBFC8A70091B254 /* Debug */ = {
			isa = XCBuildConfiguration;
			buildSettings = {
				ALWAYS_SEARCH_USER_PATHS = NO;
				CLANG_ANALYZER_NONNULL = YES;
				CLANG_CXX_LANGUAGE_STANDARD = "gnu++0x";
				CLANG_CXX_LIBRARY = "libc++";
				CLANG_ENABLE_MODULES = YES;
				CLANG_ENABLE_OBJC_ARC = YES;
				CLANG_WARN_BOOL_CONVERSION = YES;
				CLANG_WARN_CONSTANT_CONVERSION = YES;
				CLANG_WARN_DIRECT_OBJC_ISA_USAGE = YES_ERROR;
				CLANG_WARN_DOCUMENTATION_COMMENTS = YES;
				CLANG_WARN_EMPTY_BODY = YES;
				CLANG_WARN_ENUM_CONVERSION = YES;
				CLANG_WARN_INFINITE_RECURSION = YES;
				CLANG_WARN_INT_CONVERSION = YES;
				CLANG_WARN_OBJC_ROOT_CLASS = YES_ERROR;
				CLANG_WARN_SUSPICIOUS_MOVES = YES;
				CLANG_WARN_UNREACHABLE_CODE = YES;
				CLANG_WARN__DUPLICATE_METHOD_MATCH = YES;
				"CODE_SIGN_IDENTITY[sdk=iphoneos*]" = "iPhone Developer";
				COPY_PHASE_STRIP = NO;
				DEBUG_INFORMATION_FORMAT = dwarf;
				ENABLE_STRICT_OBJC_MSGSEND = YES;
				ENABLE_TESTABILITY = YES;
				GCC_C_LANGUAGE_STANDARD = gnu99;
				GCC_DYNAMIC_NO_PIC = NO;
				GCC_NO_COMMON_BLOCKS = YES;
				GCC_OPTIMIZATION_LEVEL = 0;
				GCC_PREPROCESSOR_DEFINITIONS = (
					"DEBUG=1",
					"$(inherited)",
				);
				GCC_WARN_64_TO_32_BIT_CONVERSION = YES;
				GCC_WARN_ABOUT_RETURN_TYPE = YES_ERROR;
				GCC_WARN_UNDECLARED_SELECTOR = YES;
				GCC_WARN_UNINITIALIZED_AUTOS = YES_AGGRESSIVE;
				GCC_WARN_UNUSED_FUNCTION = YES;
				GCC_WARN_UNUSED_VARIABLE = YES;
				IPHONEOS_DEPLOYMENT_TARGET = 10.0;
				MTL_ENABLE_DEBUG_INFO = YES;
				ONLY_ACTIVE_ARCH = YES;
				SDKROOT = iphoneos;
				SWIFT_ACTIVE_COMPILATION_CONDITIONS = DEBUG;
				SWIFT_OPTIMIZATION_LEVEL = "-Onone";
			};
			name = Debug;
		};
		6066CFC81DBFC8A70091B254 /* Release */ = {
			isa = XCBuildConfiguration;
			buildSettings = {
				ALWAYS_SEARCH_USER_PATHS = NO;
				CLANG_ANALYZER_NONNULL = YES;
				CLANG_CXX_LANGUAGE_STANDARD = "gnu++0x";
				CLANG_CXX_LIBRARY = "libc++";
				CLANG_ENABLE_MODULES = YES;
				CLANG_ENABLE_OBJC_ARC = YES;
				CLANG_WARN_BOOL_CONVERSION = YES;
				CLANG_WARN_CONSTANT_CONVERSION = YES;
				CLANG_WARN_DIRECT_OBJC_ISA_USAGE = YES_ERROR;
				CLANG_WARN_DOCUMENTATION_COMMENTS = YES;
				CLANG_WARN_EMPTY_BODY = YES;
				CLANG_WARN_ENUM_CONVERSION = YES;
				CLANG_WARN_INFINITE_RECURSION = YES;
				CLANG_WARN_INT_CONVERSION = YES;
				CLANG_WARN_OBJC_ROOT_CLASS = YES_ERROR;
				CLANG_WARN_SUSPICIOUS_MOVES = YES;
				CLANG_WARN_UNREACHABLE_CODE = YES;
				CLANG_WARN__DUPLICATE_METHOD_MATCH = YES;
				"CODE_SIGN_IDENTITY[sdk=iphoneos*]" = "iPhone Developer";
				COPY_PHASE_STRIP = NO;
				DEBUG_INFORMATION_FORMAT = "dwarf-with-dsym";
				ENABLE_NS_ASSERTIONS = NO;
				ENABLE_STRICT_OBJC_MSGSEND = YES;
				GCC_C_LANGUAGE_STANDARD = gnu99;
				GCC_NO_COMMON_BLOCKS = YES;
				GCC_WARN_64_TO_32_BIT_CONVERSION = YES;
				GCC_WARN_ABOUT_RETURN_TYPE = YES_ERROR;
				GCC_WARN_UNDECLARED_SELECTOR = YES;
				GCC_WARN_UNINITIALIZED_AUTOS = YES_AGGRESSIVE;
				GCC_WARN_UNUSED_FUNCTION = YES;
				GCC_WARN_UNUSED_VARIABLE = YES;
				IPHONEOS_DEPLOYMENT_TARGET = 10.0;
				MTL_ENABLE_DEBUG_INFO = NO;
				SDKROOT = iphoneos;
				SWIFT_OPTIMIZATION_LEVEL = "-Owholemodule";
				VALIDATE_PRODUCT = YES;
			};
			name = Release;
		};
		6066CFCA1DBFC8A70091B254 /* Debug */ = {
			isa = XCBuildConfiguration;
			buildSettings = {
				ASSETCATALOG_COMPILER_APPICON_NAME = AppIcon;
				INFOPLIST_FILE = "Pitch Perfect/Info.plist";
				LD_RUNPATH_SEARCH_PATHS = "$(inherited) @executable_path/Frameworks";
				PRODUCT_BUNDLE_IDENTIFIER = "com.brahma.Pitch-Perfect";
				PRODUCT_NAME = "$(TARGET_NAME)";
				SWIFT_VERSION = 3.0;
			};
			name = Debug;
		};
		6066CFCB1DBFC8A70091B254 /* Release */ = {
			isa = XCBuildConfiguration;
			buildSettings = {
				ASSETCATALOG_COMPILER_APPICON_NAME = AppIcon;
				INFOPLIST_FILE = "Pitch Perfect/Info.plist";
				LD_RUNPATH_SEARCH_PATHS = "$(inherited) @executable_path/Frameworks";
				PRODUCT_BUNDLE_IDENTIFIER = "com.brahma.Pitch-Perfect";
				PRODUCT_NAME = "$(TARGET_NAME)";
				SWIFT_VERSION = 3.0;
			};
			name = Release;
		};
		6066CFCD1DBFC8A70091B254 /* Debug */ = {
			isa = XCBuildConfiguration;
			buildSettings = {
				ALWAYS_EMBED_SWIFT_STANDARD_LIBRARIES = YES;
				BUNDLE_LOADER = "$(TEST_HOST)";
				INFOPLIST_FILE = "Pitch PerfectTests/Info.plist";
				LD_RUNPATH_SEARCH_PATHS = "$(inherited) @executable_path/Frameworks @loader_path/Frameworks";
				PRODUCT_BUNDLE_IDENTIFIER = "com.brahma.Pitch-PerfectTests";
				PRODUCT_NAME = "$(TARGET_NAME)";
				SWIFT_VERSION = 3.0;
				TEST_HOST = "$(BUILT_PRODUCTS_DIR)/Pitch Perfect.app/Pitch Perfect";
			};
			name = Debug;
		};
		6066CFCE1DBFC8A70091B254 /* Release */ = {
			isa = XCBuildConfiguration;
			buildSettings = {
				ALWAYS_EMBED_SWIFT_STANDARD_LIBRARIES = YES;
				BUNDLE_LOADER = "$(TEST_HOST)";
				INFOPLIST_FILE = "Pitch PerfectTests/Info.plist";
				LD_RUNPATH_SEARCH_PATHS = "$(inherited) @executable_path/Frameworks @loader_path/Frameworks";
				PRODUCT_BUNDLE_IDENTIFIER = "com.brahma.Pitch-PerfectTests";
				PRODUCT_NAME = "$(TARGET_NAME)";
				SWIFT_VERSION = 3.0;
				TEST_HOST = "$(BUILT_PRODUCTS_DIR)/Pitch Perfect.app/Pitch Perfect";
			};
			name = Release;
		};
		6066CFD01DBFC8A70091B254 /* Debug */ = {
			isa = XCBuildConfiguration;
			buildSettings = {
				ALWAYS_EMBED_SWIFT_STANDARD_LIBRARIES = YES;
				INFOPLIST_FILE = "Pitch PerfectUITests/Info.plist";
				LD_RUNPATH_SEARCH_PATHS = "$(inherited) @executable_path/Frameworks @loader_path/Frameworks";
				PRODUCT_BUNDLE_IDENTIFIER = "com.brahma.Pitch-PerfectUITests";
				PRODUCT_NAME = "$(TARGET_NAME)";
				SWIFT_VERSION = 3.0;
				TEST_TARGET_NAME = "Pitch Perfect";
			};
			name = Debug;
		};
		6066CFD11DBFC8A70091B254 /* Release */ = {
			isa = XCBuildConfiguration;
			buildSettings = {
				ALWAYS_EMBED_SWIFT_STANDARD_LIBRARIES = YES;
				INFOPLIST_FILE = "Pitch PerfectUITests/Info.plist";
				LD_RUNPATH_SEARCH_PATHS = "$(inherited) @executable_path/Frameworks @loader_path/Frameworks";
				PRODUCT_BUNDLE_IDENTIFIER = "com.brahma.Pitch-PerfectUITests";
				PRODUCT_NAME = "$(TARGET_NAME)";
				SWIFT_VERSION = 3.0;
				TEST_TARGET_NAME = "Pitch Perfect";
			};
			name = Release;
		};
/* End XCBuildConfiguration section */

/* Begin XCConfigurationList section */
		6066CF9C1DBFC8A60091B254 /* Build configuration list for PBXProject "Pitch Perfect" */ = {
			isa = XCConfigurationList;
			buildConfigurations = (
				6066CFC71DBFC8A70091B254 /* Debug */,
				6066CFC81DBFC8A70091B254 /* Release */,
			);
			defaultConfigurationIsVisible = 0;
			defaultConfigurationName = Release;
		};
		6066CFC91DBFC8A70091B254 /* Build configuration list for PBXNativeTarget "Pitch Perfect" */ = {
			isa = XCConfigurationList;
			buildConfigurations = (
				6066CFCA1DBFC8A70091B254 /* Debug */,
				6066CFCB1DBFC8A70091B254 /* Release */,
			);
			defaultConfigurationIsVisible = 0;
		};
		6066CFCC1DBFC8A70091B254 /* Build configuration list for PBXNativeTarget "Pitch PerfectTests" */ = {
			isa = XCConfigurationList;
			buildConfigurations = (
				6066CFCD1DBFC8A70091B254 /* Debug */,
				6066CFCE1DBFC8A70091B254 /* Release */,
			);
			defaultConfigurationIsVisible = 0;
		};
		6066CFCF1DBFC8A70091B254 /* Build configuration list for PBXNativeTarget "Pitch PerfectUITests" */ = {
			isa = XCConfigurationList;
			buildConfigurations = (
				6066CFD01DBFC8A70091B254 /* Debug */,
				6066CFD11DBFC8A70091B254 /* Release */,
			);
			defaultConfigurationIsVisible = 0;
		};
/* End XCConfigurationList section */
	};
	rootObject = 6066CF991DBFC8A60091B254 /* Project object */;
}
