// !$*UTF8*$!
{
	archiveVersion = 1;
	classes = {
	};
	objectVersion = 46;
	objects = {

/* Begin PBXBuildFile section */
		6066D1481DC27BBA0091B254 /* AppDelegate.swift in Sources */ = {isa = PBXBuildFile; fileRef = 6066D1471DC27BBA0091B254 /* AppDelegate.swift */; };
		6066D14A1DC27BBA0091B254 /* ViewController.swift in Sources */ = {isa = PBXBuildFile; fileRef = 6066D1491DC27BBA0091B254 /* ViewController.swift */; };
		6066D14D1DC27BBA0091B254 /* Main.storyboard in Resources */ = {isa = PBXBuildFile; fileRef = 6066D14B1DC27BBA0091B254 /* Main.storyboard */; };
		6066D1501DC27BBA0091B254 /* Core_Data_Demo.xcdatamodeld in Sources */ = {isa = PBXBuildFile; fileRef = 6066D14E1DC27BBA0091B254 /* Core_Data_Demo.xcdatamodeld */; };
		6066D1521DC27BBA0091B254 /* Assets.xcassets in Resources */ = {isa = PBXBuildFile; fileRef = 6066D1511DC27BBA0091B254 /* Assets.xcassets */; };
		6066D1551DC27BBA0091B254 /* LaunchScreen.storyboard in Resources */ = {isa = PBXBuildFile; fileRef = 6066D1531DC27BBA0091B254 /* LaunchScreen.storyboard */; };
/* End PBXBuildFile section */

/* Begin PBXFileReference section */
		6066D1441DC27BBA0091B254 /* Core Data Demo.app */ = {isa = PBXFileReference; explicitFileType = wrapper.application; includeInIndex = 0; path = "Core Data Demo.app"; sourceTree = BUILT_PRODUCTS_DIR; };
		6066D1471DC27BBA0091B254 /* AppDelegate.swift */ = {isa = PBXFileReference; lastKnownFileType = sourcecode.swift; path = AppDelegate.swift; sourceTree = "<group>"; };
		6066D1491DC27BBA0091B254 /* ViewController.swift */ = {isa = PBXFileReference; lastKnownFileType = sourcecode.swift; path = ViewController.swift; sourceTree = "<group>"; };
		6066D14C1DC27BBA0091B254 /* Base */ = {isa = PBXFileReference; lastKnownFileType = file.storyboard; name = Base; path = Base.lproj/Main.storyboard; sourceTree = "<group>"; };
		6066D14F1DC27BBA0091B254 /* Core_Data_Demo.xcdatamodel */ = {isa = PBXFileReference; lastKnownFileType = wrapper.xcdatamodel; path = Core_Data_Demo.xcdatamodel; sourceTree = "<group>"; };
		6066D1511DC27BBA0091B254 /* Assets.xcassets */ = {isa = PBXFileReference; lastKnownFileType = folder.assetcatalog; path = Assets.xcassets; sourceTree = "<group>"; };
		6066D1541DC27BBA0091B254 /* Base */ = {isa = PBXFileReference; lastKnownFileType = file.storyboard; name = Base; path = Base.lproj/LaunchScreen.storyboard; sourceTree = "<group>"; };
		6066D1561DC27BBA0091B254 /* Info.plist */ = {isa = PBXFileReference; lastKnownFileType = text.plist.xml; path = Info.plist; sourceTree = "<group>"; };
/* End PBXFileReference section */

/* Begin PBXFrameworksBuildPhase section */
		6066D1411DC27BBA0091B254 /* Frameworks */ = {
			isa = PBXFrameworksBuildPhase;
			buildActionMask = 2147483647;
			files = (
			);
			runOnlyForDeploymentPostprocessing = 0;
		};
/* End PBXFrameworksBuildPhase section */

/* Begin PBXGroup section */
		6066D13B1DC27BBA0091B254 = {
			isa = PBXGroup;
			children = (
				6066D1461DC27BBA0091B254 /* Core Data Demo */,
				6066D1451DC27BBA0091B254 /* Products */,
			);
			sourceTree = "<group>";
		};
		6066D1451DC27BBA0091B254 /* Products */ = {
			isa = PBXGroup;
			children = (
				6066D1441DC27BBA0091B254 /* Core Data Demo.app */,
			);
			name = Products;
			sourceTree = "<group>";
		};
		6066D1461DC27BBA0091B254 /* Core Data Demo */ = {
			isa = PBXGroup;
			children = (
				6066D1471DC27BBA0091B254 /* AppDelegate.swift */,
				6066D1491DC27BBA0091B254 /* ViewController.swift */,
				6066D14B1DC27BBA0091B254 /* Main.storyboard */,
				6066D1511DC27BBA0091B254 /* Assets.xcassets */,
				6066D1531DC27BBA0091B254 /* LaunchScreen.storyboard */,
				6066D1561DC27BBA0091B254 /* Info.plist */,
				6066D14E1DC27BBA0091B254 /* Core_Data_Demo.xcdatamodeld */,
			);
			path = "Core Data Demo";
			sourceTree = "<group>";
		};
/* End PBXGroup section */

/* Begin PBXNativeTarget section */
		6066D1431DC27BBA0091B254 /* Core Data Demo */ = {
			isa = PBXNativeTarget;
			buildConfigurationList = 6066D1591DC27BBA0091B254 /* Build configuration list for PBXNativeTarget "Core Data Demo" */;
			buildPhases = (
				6066D1401DC27BBA0091B254 /* Sources */,
				6066D1411DC27BBA0091B254 /* Frameworks */,
				6066D1421DC27BBA0091B254 /* Resources */,
			);
			buildRules = (
			);
			dependencies = (
			);
			name = "Core Data Demo";
			productName = "Core Data Demo";
			productReference = 6066D1441DC27BBA0091B254 /* Core Data Demo.app */;
			productType = "com.apple.product-type.application";
		};
/* End PBXNativeTarget section */

/* Begin PBXProject section */
		6066D13C1DC27BBA0091B254 /* Project object */ = {
			isa = PBXProject;
			attributes = {
				LastSwiftUpdateCheck = 0800;
				LastUpgradeCheck = 0800;
				ORGANIZATIONNAME = "Brahma Reddy Chilakala";
				TargetAttributes = {
					6066D1431DC27BBA0091B254 = {
						CreatedOnToolsVersion = 8.0;
						ProvisioningStyle = Automatic;
					};
				};
			};
			buildConfigurationList = 6066D13F1DC27BBA0091B254 /* Build configuration list for PBXProject "Core Data Demo" */;
			compatibilityVersion = "Xcode 3.2";
			developmentRegion = English;
			hasScannedForEncodings = 0;
			knownRegions = (
				en,
				Base,
			);
			mainGroup = 6066D13B1DC27BBA0091B254;
			productRefGroup = 6066D1451DC27BBA0091B254 /* Products */;
			projectDirPath = "";
			projectRoot = "";
			targets = (
				6066D1431DC27BBA0091B254 /* Core Data Demo */,
			);
		};
/* End PBXProject section */

/* Begin PBXResourcesBuildPhase section */
		6066D1421DC27BBA0091B254 /* Resources */ = {
			isa = PBXResourcesBuildPhase;
			buildActionMask = 2147483647;
			files = (
				6066D1551DC27BBA0091B254 /* LaunchScreen.storyboard in Resources */,
				6066D1521DC27BBA0091B254 /* Assets.xcassets in Resources */,
				6066D14D1DC27BBA0091B254 /* Main.storyboard in Resources */,
			);
			runOnlyForDeploymentPostprocessing = 0;
		};
/* End PBXResourcesBuildPhase section */

/* Begin PBXSourcesBuildPhase section */
		6066D1401DC27BBA0091B254 /* Sources */ = {
			isa = PBXSourcesBuildPhase;
			buildActionMask = 2147483647;
			files = (
				6066D14A1DC27BBA0091B254 /* ViewController.swift in Sources */,
				6066D1501DC27BBA0091B254 /* Core_Data_Demo.xcdatamodeld in Sources */,
				6066D1481DC27BBA0091B254 /* AppDelegate.swift in Sources */,
			);
			runOnlyForDeploymentPostprocessing = 0;
		};
/* End PBXSourcesBuildPhase section */

/* Begin PBXVariantGroup section */
		6066D14B1DC27BBA0091B254 /* Main.storyboard */ = {
			isa = PBXVariantGroup;
			children = (
				6066D14C1DC27BBA0091B254 /* Base */,
			);
			name = Main.storyboard;
			sourceTree = "<group>";
		};
		6066D1531DC27BBA0091B254 /* LaunchScreen.storyboard */ = {
			isa = PBXVariantGroup;
			children = (
				6066D1541DC27BBA0091B254 /* Base */,
			);
			name = LaunchScreen.storyboard;
			sourceTree = "<group>";
		};
/* End PBXVariantGroup section */

/* Begin XCBuildConfiguration section */
		6066D1571DC27BBA0091B254 /* Debug */ = {
			isa = XCBuildConfiguration;
			buildSettings = {
				ALWAYS_SEARCH_USER_PATHS = NO;
				CLANG_ANALYZER_NONNULL = YES;
				CLANG_CXX_LANGUAGE_STANDARD = "gnu++0x";
				CLANG_CXX_LIBRARY = "libc++";
				CLANG_ENABLE_MODULES = YES;
				CLANG_ENABLE_OBJC_ARC = YES;
				CLANG_WARN_BOOL_CONVERSION = YES;
				CLANG_WARN_CONSTANT_CONVERSION = YES;
				CLANG_WARN_DIRECT_OBJC_ISA_USAGE = YES_ERROR;
				CLANG_WARN_DOCUMENTATION_COMMENTS = YES;
				CLANG_WARN_EMPTY_BODY = YES;
				CLANG_WARN_ENUM_CONVERSION = YES;
				CLANG_WARN_INFINITE_RECURSION = YES;
				CLANG_WARN_INT_CONVERSION = YES;
				CLANG_WARN_OBJC_ROOT_CLASS = YES_ERROR;
				CLANG_WARN_SUSPICIOUS_MOVES = YES;
				CLANG_WARN_UNREACHABLE_CODE = YES;
				CLANG_WARN__DUPLICATE_METHOD_MATCH = YES;
				"CODE_SIGN_IDENTITY[sdk=iphoneos*]" = "iPhone Developer";
				COPY_PHASE_STRIP = NO;
				DEBUG_INFORMATION_FORMAT = dwarf;
				ENABLE_STRICT_OBJC_MSGSEND = YES;
				ENABLE_TESTABILITY = YES;
				GCC_C_LANGUAGE_STANDARD = gnu99;
				GCC_DYNAMIC_NO_PIC = NO;
				GCC_NO_COMMON_BLOCKS = YES;
				GCC_OPTIMIZATION_LEVEL = 0;
				GCC_PREPROCESSOR_DEFINITIONS = (
					"DEBUG=1",
					"$(inherited)",
				);
				GCC_WARN_64_TO_32_BIT_CONVERSION = YES;
				GCC_WARN_ABOUT_RETURN_TYPE = YES_ERROR;
				GCC_WARN_UNDECLARED_SELECTOR = YES;
				GCC_WARN_UNINITIALIZED_AUTOS = YES_AGGRESSIVE;
				GCC_WARN_UNUSED_FUNCTION = YES;
				GCC_WARN_UNUSED_VARIABLE = YES;
				IPHONEOS_DEPLOYMENT_TARGET = 10.0;
				MTL_ENABLE_DEBUG_INFO = YES;
				ONLY_ACTIVE_ARCH = YES;
				SDKROOT = iphoneos;
				SWIFT_ACTIVE_COMPILATION_CONDITIONS = DEBUG;
				SWIFT_OPTIMIZATION_LEVEL = "-Onone";
			};
			name = Debug;
		};
		6066D1581DC27BBA0091B254 /* Release */ = {
			isa = XCBuildConfiguration;
			buildSettings = {
				ALWAYS_SEARCH_USER_PATHS = NO;
				CLANG_ANALYZER_NONNULL = YES;
				CLANG_CXX_LANGUAGE_STANDARD = "gnu++0x";
				CLANG_CXX_LIBRARY = "libc++";
				CLANG_ENABLE_MODULES = YES;
				CLANG_ENABLE_OBJC_ARC = YES;
				CLANG_WARN_BOOL_CONVERSION = YES;
				CLANG_WARN_CONSTANT_CONVERSION = YES;
				CLANG_WARN_DIRECT_OBJC_ISA_USAGE = YES_ERROR;
				CLANG_WARN_DOCUMENTATION_COMMENTS = YES;
				CLANG_WARN_EMPTY_BODY = YES;
				CLANG_WARN_ENUM_CONVERSION = YES;
				CLANG_WARN_INFINITE_RECURSION = YES;
				CLANG_WARN_INT_CONVERSION = YES;
				CLANG_WARN_OBJC_ROOT_CLASS = YES_ERROR;
				CLANG_WARN_SUSPICIOUS_MOVES = YES;
				CLANG_WARN_UNREACHABLE_CODE = YES;
				CLANG_WARN__DUPLICATE_METHOD_MATCH = YES;
				"CODE_SIGN_IDENTITY[sdk=iphoneos*]" = "iPhone Developer";
				COPY_PHASE_STRIP = NO;
				DEBUG_INFORMATION_FORMAT = "dwarf-with-dsym";
				ENABLE_NS_ASSERTIONS = NO;
				ENABLE_STRICT_OBJC_MSGSEND = YES;
				GCC_C_LANGUAGE_STANDARD = gnu99;
				GCC_NO_COMMON_BLOCKS = YES;
				GCC_WARN_64_TO_32_BIT_CONVERSION = YES;
				GCC_WARN_ABOUT_RETURN_TYPE = YES_ERROR;
				GCC_WARN_UNDECLARED_SELECTOR = YES;
				GCC_WARN_UNINITIALIZED_AUTOS = YES_AGGRESSIVE;
				GCC_WARN_UNUSED_FUNCTION = YES;
				GCC_WARN_UNUSED_VARIABLE = YES;
				IPHONEOS_DEPLOYMENT_TARGET = 10.0;
				MTL_ENABLE_DEBUG_INFO = NO;
				SDKROOT = iphoneos;
				SWIFT_OPTIMIZATION_LEVEL = "-Owholemodule";
				VALIDATE_PRODUCT = YES;
			};
			name = Release;
		};
		6066D15A1DC27BBA0091B254 /* Debug */ = {
			isa = XCBuildConfiguration;
			buildSettings = {
				ASSETCATALOG_COMPILER_APPICON_NAME = AppIcon;
				INFOPLIST_FILE = "Core Data Demo/Info.plist";
				LD_RUNPATH_SEARCH_PATHS = "$(inherited) @executable_path/Frameworks";
				PRODUCT_BUNDLE_IDENTIFIER = "com.brahma.Core-Data-Demo";
				PRODUCT_NAME = "$(TARGET_NAME)";
				SWIFT_VERSION = 3.0;
			};
			name = Debug;
		};
		6066D15B1DC27BBA0091B254 /* Release */ = {
			isa = XCBuildConfiguration;
			buildSettings = {
				ASSETCATALOG_COMPILER_APPICON_NAME = AppIcon;
				INFOPLIST_FILE = "Core Data Demo/Info.plist";
				LD_RUNPATH_SEARCH_PATHS = "$(inherited) @executable_path/Frameworks";
				PRODUCT_BUNDLE_IDENTIFIER = "com.brahma.Core-Data-Demo";
				PRODUCT_NAME = "$(TARGET_NAME)";
				SWIFT_VERSION = 3.0;
			};
			name = Release;
		};
/* End XCBuildConfiguration section */

/* Begin XCConfigurationList section */
		6066D13F1DC27BBA0091B254 /* Build configuration list for PBXProject "Core Data Demo" */ = {
			isa = XCConfigurationList;
			buildConfigurations = (
				6066D1571DC27BBA0091B254 /* Debug */,
				6066D1581DC27BBA0091B254 /* Release */,
			);
			defaultConfigurationIsVisible = 0;
			defaultConfigurationName = Release;
		};
		6066D1591DC27BBA0091B254 /* Build configuration list for PBXNativeTarget "Core Data Demo" */ = {
			isa = XCConfigurationList;
			buildConfigurations = (
				6066D15A1DC27BBA0091B254 /* Debug */,
				6066D15B1DC27BBA0091B254 /* Release */,
			);
			defaultConfigurationIsVisible = 0;
		};
/* End XCConfigurationList section */

/* Begin XCVersionGroup section */
		6066D14E1DC27BBA0091B254 /* Core_Data_Demo.xcdatamodeld */ = {
			isa = XCVersionGroup;
			children = (
				6066D14F1DC27BBA0091B254 /* Core_Data_Demo.xcdatamodel */,
			);
			currentVersion = 6066D14F1DC27BBA0091B254 /* Core_Data_Demo.xcdatamodel */;
			path = Core_Data_Demo.xcdatamodeld;
			sourceTree = "<group>";
			versionGroupType = wrapper.xcdatamodel;
		};
/* End XCVersionGroup section */
	};
	rootObject = 6066D13C1DC27BBA0091B254 /* Project object */;
}
