// !$*UTF8*$!
{
	archiveVersion = 1;
	classes = {
	};
	objectVersion = 46;
	objects = {

/* Begin PBXBuildFile section */
		60E8FEED1DB75F4E00F6AF4F /* AppDelegate.swift in Sources */ = {isa = PBXBuildFile; fileRef = 60E8FEEC1DB75F4E00F6AF4F /* AppDelegate.swift */; };
		60E8FEEF1DB75F4E00F6AF4F /* ViewController.swift in Sources */ = {isa = PBXBuildFile; fileRef = 60E8FEEE1DB75F4E00F6AF4F /* ViewController.swift */; };
		60E8FEF21DB75F4E00F6AF4F /* Main.storyboard in Resources */ = {isa = PBXBuildFile; fileRef = 60E8FEF01DB75F4E00F6AF4F /* Main.storyboard */; };
		60E8FEF41DB75F4E00F6AF4F /* Assets.xcassets in Resources */ = {isa = PBXBuildFile; fileRef = 60E8FEF31DB75F4E00F6AF4F /* Assets.xcassets */; };
		60E8FEF71DB75F4E00F6AF4F /* LaunchScreen.storyboard in Resources */ = {isa = PBXBuildFile; fileRef = 60E8FEF51DB75F4E00F6AF4F /* LaunchScreen.storyboard */; };
		60E8FF021DB75F4E00F6AF4F /* Menu_BarsTests.swift in Sources */ = {isa = PBXBuildFile; fileRef = 60E8FF011DB75F4E00F6AF4F /* Menu_BarsTests.swift */; };
		60E8FF0D1DB75F4E00F6AF4F /* Menu_BarsUITests.swift in Sources */ = {isa = PBXBuildFile; fileRef = 60E8FF0C1DB75F4E00F6AF4F /* Menu_BarsUITests.swift */; };
/* End PBXBuildFile section */

/* Begin PBXContainerItemProxy section */
		60E8FEFE1DB75F4E00F6AF4F /* PBXContainerItemProxy */ = {
			isa = PBXContainerItemProxy;
			containerPortal = 60E8FEE11DB75F4E00F6AF4F /* Project object */;
			proxyType = 1;
			remoteGlobalIDString = 60E8FEE81DB75F4E00F6AF4F;
			remoteInfo = "Menu Bars";
		};
		60E8FF091DB75F4E00F6AF4F /* PBXContainerItemProxy */ = {
			isa = PBXContainerItemProxy;
			containerPortal = 60E8FEE11DB75F4E00F6AF4F /* Project object */;
			proxyType = 1;
			remoteGlobalIDString = 60E8FEE81DB75F4E00F6AF4F;
			remoteInfo = "Menu Bars";
		};
/* End PBXContainerItemProxy section */

/* Begin PBXFileReference section */
		60E8FEE91DB75F4E00F6AF4F /* Menu Bars.app */ = {isa = PBXFileReference; explicitFileType = wrapper.application; includeInIndex = 0; path = "Menu Bars.app"; sourceTree = BUILT_PRODUCTS_DIR; };
		60E8FEEC1DB75F4E00F6AF4F /* AppDelegate.swift */ = {isa = PBXFileReference; lastKnownFileType = sourcecode.swift; path = AppDelegate.swift; sourceTree = "<group>"; };
		60E8FEEE1DB75F4E00F6AF4F /* ViewController.swift */ = {isa = PBXFileReference; lastKnownFileType = sourcecode.swift; path = ViewController.swift; sourceTree = "<group>"; };
		60E8FEF11DB75F4E00F6AF4F /* Base */ = {isa = PBXFileReference; lastKnownFileType = file.storyboard; name = Base; path = Base.lproj/Main.storyboard; sourceTree = "<group>"; };
		60E8FEF31DB75F4E00F6AF4F /* Assets.xcassets */ = {isa = PBXFileReference; lastKnownFileType = folder.assetcatalog; path = Assets.xcassets; sourceTree = "<group>"; };
		60E8FEF61DB75F4E00F6AF4F /* Base */ = {isa = PBXFileReference; lastKnownFileType = file.storyboard; name = Base; path = Base.lproj/LaunchScreen.storyboard; sourceTree = "<group>"; };
		60E8FEF81DB75F4E00F6AF4F /* Info.plist */ = {isa = PBXFileReference; lastKnownFileType = text.plist.xml; path = Info.plist; sourceTree = "<group>"; };
		60E8FEFD1DB75F4E00F6AF4F /* Menu BarsTests.xctest */ = {isa = PBXFileReference; explicitFileType = wrapper.cfbundle; includeInIndex = 0; path = "Menu BarsTests.xctest"; sourceTree = BUILT_PRODUCTS_DIR; };
		60E8FF011DB75F4E00F6AF4F /* Menu_BarsTests.swift */ = {isa = PBXFileReference; lastKnownFileType = sourcecode.swift; path = Menu_BarsTests.swift; sourceTree = "<group>"; };
		60E8FF031DB75F4E00F6AF4F /* Info.plist */ = {isa = PBXFileReference; lastKnownFileType = text.plist.xml; path = Info.plist; sourceTree = "<group>"; };
		60E8FF081DB75F4E00F6AF4F /* Menu BarsUITests.xctest */ = {isa = PBXFileReference; explicitFileType = wrapper.cfbundle; includeInIndex = 0; path = "Menu BarsUITests.xctest"; sourceTree = BUILT_PRODUCTS_DIR; };
		60E8FF0C1DB75F4E00F6AF4F /* Menu_BarsUITests.swift */ = {isa = PBXFileReference; lastKnownFileType = sourcecode.swift; path = Menu_BarsUITests.swift; sourceTree = "<group>"; };
		60E8FF0E1DB75F4E00F6AF4F /* Info.plist */ = {isa = PBXFileReference; lastKnownFileType = text.plist.xml; path = Info.plist; sourceTree = "<group>"; };
/* End PBXFileReference section */

/* Begin PBXFrameworksBuildPhase section */
		60E8FEE61DB75F4E00F6AF4F /* Frameworks */ = {
			isa = PBXFrameworksBuildPhase;
			buildActionMask = 2147483647;
			files = (
			);
			runOnlyForDeploymentPostprocessing = 0;
		};
		60E8FEFA1DB75F4E00F6AF4F /* Frameworks */ = {
			isa = PBXFrameworksBuildPhase;
			buildActionMask = 2147483647;
			files = (
			);
			runOnlyForDeploymentPostprocessing = 0;
		};
		60E8FF051DB75F4E00F6AF4F /* Frameworks */ = {
			isa = PBXFrameworksBuildPhase;
			buildActionMask = 2147483647;
			files = (
			);
			runOnlyForDeploymentPostprocessing = 0;
		};
/* End PBXFrameworksBuildPhase section */

/* Begin PBXGroup section */
		60E8FEE01DB75F4E00F6AF4F = {
			isa = PBXGroup;
			children = (
				60E8FEEB1DB75F4E00F6AF4F /* Menu Bars */,
				60E8FF001DB75F4E00F6AF4F /* Menu BarsTests */,
				60E8FF0B1DB75F4E00F6AF4F /* Menu BarsUITests */,
				60E8FEEA1DB75F4E00F6AF4F /* Products */,
			);
			sourceTree = "<group>";
		};
		60E8FEEA1DB75F4E00F6AF4F /* Products */ = {
			isa = PBXGroup;
			children = (
				60E8FEE91DB75F4E00F6AF4F /* Menu Bars.app */,
				60E8FEFD1DB75F4E00F6AF4F /* Menu BarsTests.xctest */,
				60E8FF081DB75F4E00F6AF4F /* Menu BarsUITests.xctest */,
			);
			name = Products;
			sourceTree = "<group>";
		};
		60E8FEEB1DB75F4E00F6AF4F /* Menu Bars */ = {
			isa = PBXGroup;
			children = (
				60E8FEEC1DB75F4E00F6AF4F /* AppDelegate.swift */,
				60E8FEEE1DB75F4E00F6AF4F /* ViewController.swift */,
				60E8FEF01DB75F4E00F6AF4F /* Main.storyboard */,
				60E8FEF31DB75F4E00F6AF4F /* Assets.xcassets */,
				60E8FEF51DB75F4E00F6AF4F /* LaunchScreen.storyboard */,
				60E8FEF81DB75F4E00F6AF4F /* Info.plist */,
			);
			path = "Menu Bars";
			sourceTree = "<group>";
		};
		60E8FF001DB75F4E00F6AF4F /* Menu BarsTests */ = {
			isa = PBXGroup;
			children = (
				60E8FF011DB75F4E00F6AF4F /* Menu_BarsTests.swift */,
				60E8FF031DB75F4E00F6AF4F /* Info.plist */,
			);
			path = "Menu BarsTests";
			sourceTree = "<group>";
		};
		60E8FF0B1DB75F4E00F6AF4F /* Menu BarsUITests */ = {
			isa = PBXGroup;
			children = (
				60E8FF0C1DB75F4E00F6AF4F /* Menu_BarsUITests.swift */,
				60E8FF0E1DB75F4E00F6AF4F /* Info.plist */,
			);
			path = "Menu BarsUITests";
			sourceTree = "<group>";
		};
/* End PBXGroup section */

/* Begin PBXNativeTarget section */
		60E8FEE81DB75F4E00F6AF4F /* Menu Bars */ = {
			isa = PBXNativeTarget;
			buildConfigurationList = 60E8FF111DB75F4E00F6AF4F /* Build configuration list for PBXNativeTarget "Menu Bars" */;
			buildPhases = (
				60E8FEE51DB75F4E00F6AF4F /* Sources */,
				60E8FEE61DB75F4E00F6AF4F /* Frameworks */,
				60E8FEE71DB75F4E00F6AF4F /* Resources */,
			);
			buildRules = (
			);
			dependencies = (
			);
			name = "Menu Bars";
			productName = "Menu Bars";
			productReference = 60E8FEE91DB75F4E00F6AF4F /* Menu Bars.app */;
			productType = "com.apple.product-type.application";
		};
		60E8FEFC1DB75F4E00F6AF4F /* Menu BarsTests */ = {
			isa = PBXNativeTarget;
			buildConfigurationList = 60E8FF141DB75F4E00F6AF4F /* Build configuration list for PBXNativeTarget "Menu BarsTests" */;
			buildPhases = (
				60E8FEF91DB75F4E00F6AF4F /* Sources */,
				60E8FEFA1DB75F4E00F6AF4F /* Frameworks */,
				60E8FEFB1DB75F4E00F6AF4F /* Resources */,
			);
			buildRules = (
			);
			dependencies = (
				60E8FEFF1DB75F4E00F6AF4F /* PBXTargetDependency */,
			);
			name = "Menu BarsTests";
			productName = "Menu BarsTests";
			productReference = 60E8FEFD1DB75F4E00F6AF4F /* Menu BarsTests.xctest */;
			productType = "com.apple.product-type.bundle.unit-test";
		};
		60E8FF071DB75F4E00F6AF4F /* Menu BarsUITests */ = {
			isa = PBXNativeTarget;
			buildConfigurationList = 60E8FF171DB75F4E00F6AF4F /* Build configuration list for PBXNativeTarget "Menu BarsUITests" */;
			buildPhases = (
				60E8FF041DB75F4E00F6AF4F /* Sources */,
				60E8FF051DB75F4E00F6AF4F /* Frameworks */,
				60E8FF061DB75F4E00F6AF4F /* Resources */,
			);
			buildRules = (
			);
			dependencies = (
				60E8FF0A1DB75F4E00F6AF4F /* PBXTargetDependency */,
			);
			name = "Menu BarsUITests";
			productName = "Menu BarsUITests";
			productReference = 60E8FF081DB75F4E00F6AF4F /* Menu BarsUITests.xctest */;
			productType = "com.apple.product-type.bundle.ui-testing";
		};
/* End PBXNativeTarget section */

/* Begin PBXProject section */
		60E8FEE11DB75F4E00F6AF4F /* Project object */ = {
			isa = PBXProject;
			attributes = {
				LastSwiftUpdateCheck = 0800;
				LastUpgradeCheck = 0800;
				ORGANIZATIONNAME = "Brahma Reddy Chilakala";
				TargetAttributes = {
					60E8FEE81DB75F4E00F6AF4F = {
						CreatedOnToolsVersion = 8.0;
						ProvisioningStyle = Automatic;
					};
					60E8FEFC1DB75F4E00F6AF4F = {
						CreatedOnToolsVersion = 8.0;
						ProvisioningStyle = Automatic;
						TestTargetID = 60E8FEE81DB75F4E00F6AF4F;
					};
					60E8FF071DB75F4E00F6AF4F = {
						CreatedOnToolsVersion = 8.0;
						ProvisioningStyle = Automatic;
						TestTargetID = 60E8FEE81DB75F4E00F6AF4F;
					};
				};
			};
			buildConfigurationList = 60E8FEE41DB75F4E00F6AF4F /* Build configuration list for PBXProject "Menu Bars" */;
			compatibilityVersion = "Xcode 3.2";
			developmentRegion = English;
			hasScannedForEncodings = 0;
			knownRegions = (
				en,
				Base,
			);
			mainGroup = 60E8FEE01DB75F4E00F6AF4F;
			productRefGroup = 60E8FEEA1DB75F4E00F6AF4F /* Products */;
			projectDirPath = "";
			projectRoot = "";
			targets = (
				60E8FEE81DB75F4E00F6AF4F /* Menu Bars */,
				60E8FEFC1DB75F4E00F6AF4F /* Menu BarsTests */,
				60E8FF071DB75F4E00F6AF4F /* Menu BarsUITests */,
			);
		};
/* End PBXProject section */

/* Begin PBXResourcesBuildPhase section */
		60E8FEE71DB75F4E00F6AF4F /* Resources */ = {
			isa = PBXResourcesBuildPhase;
			buildActionMask = 2147483647;
			files = (
				60E8FEF71DB75F4E00F6AF4F /* LaunchScreen.storyboard in Resources */,
				60E8FEF41DB75F4E00F6AF4F /* Assets.xcassets in Resources */,
				60E8FEF21DB75F4E00F6AF4F /* Main.storyboard in Resources */,
			);
			runOnlyForDeploymentPostprocessing = 0;
		};
		60E8FEFB1DB75F4E00F6AF4F /* Resources */ = {
			isa = PBXResourcesBuildPhase;
			buildActionMask = 2147483647;
			files = (
			);
			runOnlyForDeploymentPostprocessing = 0;
		};
		60E8FF061DB75F4E00F6AF4F /* Resources */ = {
			isa = PBXResourcesBuildPhase;
			buildActionMask = 2147483647;
			files = (
			);
			runOnlyForDeploymentPostprocessing = 0;
		};
/* End PBXResourcesBuildPhase section */

/* Begin PBXSourcesBuildPhase section */
		60E8FEE51DB75F4E00F6AF4F /* Sources */ = {
			isa = PBXSourcesBuildPhase;
			buildActionMask = 2147483647;
			files = (
				60E8FEEF1DB75F4E00F6AF4F /* ViewController.swift in Sources */,
				60E8FEED1DB75F4E00F6AF4F /* AppDelegate.swift in Sources */,
			);
			runOnlyForDeploymentPostprocessing = 0;
		};
		60E8FEF91DB75F4E00F6AF4F /* Sources */ = {
			isa = PBXSourcesBuildPhase;
			buildActionMask = 2147483647;
			files = (
				60E8FF021DB75F4E00F6AF4F /* Menu_BarsTests.swift in Sources */,
			);
			runOnlyForDeploymentPostprocessing = 0;
		};
		60E8FF041DB75F4E00F6AF4F /* Sources */ = {
			isa = PBXSourcesBuildPhase;
			buildActionMask = 2147483647;
			files = (
				60E8FF0D1DB75F4E00F6AF4F /* Menu_BarsUITests.swift in Sources */,
			);
			runOnlyForDeploymentPostprocessing = 0;
		};
/* End PBXSourcesBuildPhase section */

/* Begin PBXTargetDependency section */
		60E8FEFF1DB75F4E00F6AF4F /* PBXTargetDependency */ = {
			isa = PBXTargetDependency;
			target = 60E8FEE81DB75F4E00F6AF4F /* Menu Bars */;
			targetProxy = 60E8FEFE1DB75F4E00F6AF4F /* PBXContainerItemProxy */;
		};
		60E8FF0A1DB75F4E00F6AF4F /* PBXTargetDependency */ = {
			isa = PBXTargetDependency;
			target = 60E8FEE81DB75F4E00F6AF4F /* Menu Bars */;
			targetProxy = 60E8FF091DB75F4E00F6AF4F /* PBXContainerItemProxy */;
		};
/* End PBXTargetDependency section */

/* Begin PBXVariantGroup section */
		60E8FEF01DB75F4E00F6AF4F /* Main.storyboard */ = {
			isa = PBXVariantGroup;
			children = (
				60E8FEF11DB75F4E00F6AF4F /* Base */,
			);
			name = Main.storyboard;
			sourceTree = "<group>";
		};
		60E8FEF51DB75F4E00F6AF4F /* LaunchScreen.storyboard */ = {
			isa = PBXVariantGroup;
			children = (
				60E8FEF61DB75F4E00F6AF4F /* Base */,
			);
			name = LaunchScreen.storyboard;
			sourceTree = "<group>";
		};
/* End PBXVariantGroup section */

/* Begin XCBuildConfiguration section */
		60E8FF0F1DB75F4E00F6AF4F /* Debug */ = {
			isa = XCBuildConfiguration;
			buildSettings = {
				ALWAYS_SEARCH_USER_PATHS = NO;
				CLANG_ANALYZER_NONNULL = YES;
				CLANG_CXX_LANGUAGE_STANDARD = "gnu++0x";
				CLANG_CXX_LIBRARY = "libc++";
				CLANG_ENABLE_MODULES = YES;
				CLANG_ENABLE_OBJC_ARC = YES;
				CLANG_WARN_BOOL_CONVERSION = YES;
				CLANG_WARN_CONSTANT_CONVERSION = YES;
				CLANG_WARN_DIRECT_OBJC_ISA_USAGE = YES_ERROR;
				CLANG_WARN_DOCUMENTATION_COMMENTS = YES;
				CLANG_WARN_EMPTY_BODY = YES;
				CLANG_WARN_ENUM_CONVERSION = YES;
				CLANG_WARN_INFINITE_RECURSION = YES;
				CLANG_WARN_INT_CONVERSION = YES;
				CLANG_WARN_OBJC_ROOT_CLASS = YES_ERROR;
				CLANG_WARN_SUSPICIOUS_MOVES = YES;
				CLANG_WARN_UNREACHABLE_CODE = YES;
				CLANG_WARN__DUPLICATE_METHOD_MATCH = YES;
				"CODE_SIGN_IDENTITY[sdk=iphoneos*]" = "iPhone Developer";
				COPY_PHASE_STRIP = NO;
				DEBUG_INFORMATION_FORMAT = dwarf;
				ENABLE_STRICT_OBJC_MSGSEND = YES;
				ENABLE_TESTABILITY = YES;
				GCC_C_LANGUAGE_STANDARD = gnu99;
				GCC_DYNAMIC_NO_PIC = NO;
				GCC_NO_COMMON_BLOCKS = YES;
				GCC_OPTIMIZATION_LEVEL = 0;
				GCC_PREPROCESSOR_DEFINITIONS = (
					"DEBUG=1",
					"$(inherited)",
				);
				GCC_WARN_64_TO_32_BIT_CONVERSION = YES;
				GCC_WARN_ABOUT_RETURN_TYPE = YES_ERROR;
				GCC_WARN_UNDECLARED_SELECTOR = YES;
				GCC_WARN_UNINITIALIZED_AUTOS = YES_AGGRESSIVE;
				GCC_WARN_UNUSED_FUNCTION = YES;
				GCC_WARN_UNUSED_VARIABLE = YES;
				IPHONEOS_DEPLOYMENT_TARGET = 10.0;
				MTL_ENABLE_DEBUG_INFO = YES;
				ONLY_ACTIVE_ARCH = YES;
				SDKROOT = iphoneos;
				SWIFT_ACTIVE_COMPILATION_CONDITIONS = DEBUG;
				SWIFT_OPTIMIZATION_LEVEL = "-Onone";
			};
			name = Debug;
		};
		60E8FF101DB75F4E00F6AF4F /* Release */ = {
			isa = XCBuildConfiguration;
			buildSettings = {
				ALWAYS_SEARCH_USER_PATHS = NO;
				CLANG_ANALYZER_NONNULL = YES;
				CLANG_CXX_LANGUAGE_STANDARD = "gnu++0x";
				CLANG_CXX_LIBRARY = "libc++";
				CLANG_ENABLE_MODULES = YES;
				CLANG_ENABLE_OBJC_ARC = YES;
				CLANG_WARN_BOOL_CONVERSION = YES;
				CLANG_WARN_CONSTANT_CONVERSION = YES;
				CLANG_WARN_DIRECT_OBJC_ISA_USAGE = YES_ERROR;
				CLANG_WARN_DOCUMENTATION_COMMENTS = YES;
				CLANG_WARN_EMPTY_BODY = YES;
				CLANG_WARN_ENUM_CONVERSION = YES;
				CLANG_WARN_INFINITE_RECURSION = YES;
				CLANG_WARN_INT_CONVERSION = YES;
				CLANG_WARN_OBJC_ROOT_CLASS = YES_ERROR;
				CLANG_WARN_SUSPICIOUS_MOVES = YES;
				CLANG_WARN_UNREACHABLE_CODE = YES;
				CLANG_WARN__DUPLICATE_METHOD_MATCH = YES;
				"CODE_SIGN_IDENTITY[sdk=iphoneos*]" = "iPhone Developer";
				COPY_PHASE_STRIP = NO;
				DEBUG_INFORMATION_FORMAT = "dwarf-with-dsym";
				ENABLE_NS_ASSERTIONS = NO;
				ENABLE_STRICT_OBJC_MSGSEND = YES;
				GCC_C_LANGUAGE_STANDARD = gnu99;
				GCC_NO_COMMON_BLOCKS = YES;
				GCC_WARN_64_TO_32_BIT_CONVERSION = YES;
				GCC_WARN_ABOUT_RETURN_TYPE = YES_ERROR;
				GCC_WARN_UNDECLARED_SELECTOR = YES;
				GCC_WARN_UNINITIALIZED_AUTOS = YES_AGGRESSIVE;
				GCC_WARN_UNUSED_FUNCTION = YES;
				GCC_WARN_UNUSED_VARIABLE = YES;
				IPHONEOS_DEPLOYMENT_TARGET = 10.0;
				MTL_ENABLE_DEBUG_INFO = NO;
				SDKROOT = iphoneos;
				SWIFT_OPTIMIZATION_LEVEL = "-Owholemodule";
				VALIDATE_PRODUCT = YES;
			};
			name = Release;
		};
		60E8FF121DB75F4E00F6AF4F /* Debug */ = {
			isa = XCBuildConfiguration;
			buildSettings = {
				ASSETCATALOG_COMPILER_APPICON_NAME = AppIcon;
				INFOPLIST_FILE = "Menu Bars/Info.plist";
				LD_RUNPATH_SEARCH_PATHS = "$(inherited) @executable_path/Frameworks";
				PRODUCT_BUNDLE_IDENTIFIER = "com.brahma.Menu-Bars";
				PRODUCT_NAME = "$(TARGET_NAME)";
				SWIFT_VERSION = 3.0;
			};
			name = Debug;
		};
		60E8FF131DB75F4E00F6AF4F /* Release */ = {
			isa = XCBuildConfiguration;
			buildSettings = {
				ASSETCATALOG_COMPILER_APPICON_NAME = AppIcon;
				INFOPLIST_FILE = "Menu Bars/Info.plist";
				LD_RUNPATH_SEARCH_PATHS = "$(inherited) @executable_path/Frameworks";
				PRODUCT_BUNDLE_IDENTIFIER = "com.brahma.Menu-Bars";
				PRODUCT_NAME = "$(TARGET_NAME)";
				SWIFT_VERSION = 3.0;
			};
			name = Release;
		};
		60E8FF151DB75F4E00F6AF4F /* Debug */ = {
			isa = XCBuildConfiguration;
			buildSettings = {
				ALWAYS_EMBED_SWIFT_STANDARD_LIBRARIES = YES;
				BUNDLE_LOADER = "$(TEST_HOST)";
				INFOPLIST_FILE = "Menu BarsTests/Info.plist";
				LD_RUNPATH_SEARCH_PATHS = "$(inherited) @executable_path/Frameworks @loader_path/Frameworks";
				PRODUCT_BUNDLE_IDENTIFIER = "com.brahma.Menu-BarsTests";
				PRODUCT_NAME = "$(TARGET_NAME)";
				SWIFT_VERSION = 3.0;
				TEST_HOST = "$(BUILT_PRODUCTS_DIR)/Menu Bars.app/Menu Bars";
			};
			name = Debug;
		};
		60E8FF161DB75F4E00F6AF4F /* Release */ = {
			isa = XCBuildConfiguration;
			buildSettings = {
				ALWAYS_EMBED_SWIFT_STANDARD_LIBRARIES = YES;
				BUNDLE_LOADER = "$(TEST_HOST)";
				INFOPLIST_FILE = "Menu BarsTests/Info.plist";
				LD_RUNPATH_SEARCH_PATHS = "$(inherited) @executable_path/Frameworks @loader_path/Frameworks";
				PRODUCT_BUNDLE_IDENTIFIER = "com.brahma.Menu-BarsTests";
				PRODUCT_NAME = "$(TARGET_NAME)";
				SWIFT_VERSION = 3.0;
				TEST_HOST = "$(BUILT_PRODUCTS_DIR)/Menu Bars.app/Menu Bars";
			};
			name = Release;
		};
		60E8FF181DB75F4E00F6AF4F /* Debug */ = {
			isa = XCBuildConfiguration;
			buildSettings = {
				ALWAYS_EMBED_SWIFT_STANDARD_LIBRARIES = YES;
				INFOPLIST_FILE = "Menu BarsUITests/Info.plist";
				LD_RUNPATH_SEARCH_PATHS = "$(inherited) @executable_path/Frameworks @loader_path/Frameworks";
				PRODUCT_BUNDLE_IDENTIFIER = "com.brahma.Menu-BarsUITests";
				PRODUCT_NAME = "$(TARGET_NAME)";
				SWIFT_VERSION = 3.0;
				TEST_TARGET_NAME = "Menu Bars";
			};
			name = Debug;
		};
		60E8FF191DB75F4E00F6AF4F /* Release */ = {
			isa = XCBuildConfiguration;
			buildSettings = {
				ALWAYS_EMBED_SWIFT_STANDARD_LIBRARIES = YES;
				INFOPLIST_FILE = "Menu BarsUITests/Info.plist";
				LD_RUNPATH_SEARCH_PATHS = "$(inherited) @executable_path/Frameworks @loader_path/Frameworks";
				PRODUCT_BUNDLE_IDENTIFIER = "com.brahma.Menu-BarsUITests";
				PRODUCT_NAME = "$(TARGET_NAME)";
				SWIFT_VERSION = 3.0;
				TEST_TARGET_NAME = "Menu Bars";
			};
			name = Release;
		};
/* End XCBuildConfiguration section */

/* Begin XCConfigurationList section */
		60E8FEE41DB75F4E00F6AF4F /* Build configuration list for PBXProject "Menu Bars" */ = {
			isa = XCConfigurationList;
			buildConfigurations = (
				60E8FF0F1DB75F4E00F6AF4F /* Debug */,
				60E8FF101DB75F4E00F6AF4F /* Release */,
			);
			defaultConfigurationIsVisible = 0;
			defaultConfigurationName = Release;
		};
		60E8FF111DB75F4E00F6AF4F /* Build configuration list for PBXNativeTarget "Menu Bars" */ = {
			isa = XCConfigurationList;
			buildConfigurations = (
				60E8FF121DB75F4E00F6AF4F /* Debug */,
				60E8FF131DB75F4E00F6AF4F /* Release */,
			);
			defaultConfigurationIsVisible = 0;
		};
		60E8FF141DB75F4E00F6AF4F /* Build configuration list for PBXNativeTarget "Menu BarsTests" */ = {
			isa = XCConfigurationList;
			buildConfigurations = (
				60E8FF151DB75F4E00F6AF4F /* Debug */,
				60E8FF161DB75F4E00F6AF4F /* Release */,
			);
			defaultConfigurationIsVisible = 0;
		};
		60E8FF171DB75F4E00F6AF4F /* Build configuration list for PBXNativeTarget "Menu BarsUITests" */ = {
			isa = XCConfigurationList;
			buildConfigurations = (
				60E8FF181DB75F4E00F6AF4F /* Debug */,
				60E8FF191DB75F4E00F6AF4F /* Release */,
			);
			defaultConfigurationIsVisible = 0;
		};
/* End XCConfigurationList section */
	};
	rootObject = 60E8FEE11DB75F4E00F6AF4F /* Project object */;
}
