// !$*UTF8*$!
{
	archiveVersion = 1;
	classes = {
	};
	objectVersion = 46;
	objects = {

/* Begin PBXBuildFile section */
		6066D10C1DC134170091B254 /* AppDelegate.swift in Sources */ = {isa = PBXBuildFile; fileRef = 6066D10B1DC134170091B254 /* AppDelegate.swift */; };
		6066D10E1DC134170091B254 /* ViewController.swift in Sources */ = {isa = PBXBuildFile; fileRef = 6066D10D1DC134170091B254 /* ViewController.swift */; };
		6066D1111DC134170091B254 /* Main.storyboard in Resources */ = {isa = PBXBuildFile; fileRef = 6066D10F1DC134170091B254 /* Main.storyboard */; };
		6066D1131DC134170091B254 /* Assets.xcassets in Resources */ = {isa = PBXBuildFile; fileRef = 6066D1121DC134170091B254 /* Assets.xcassets */; };
		6066D1161DC134170091B254 /* LaunchScreen.storyboard in Resources */ = {isa = PBXBuildFile; fileRef = 6066D1141DC134170091B254 /* LaunchScreen.storyboard */; };
		6066D1211DC134170091B254 /* Sound_ShakerTests.swift in Sources */ = {isa = PBXBuildFile; fileRef = 6066D1201DC134170091B254 /* Sound_ShakerTests.swift */; };
		6066D12C1DC134170091B254 /* Sound_ShakerUITests.swift in Sources */ = {isa = PBXBuildFile; fileRef = 6066D12B1DC134170091B254 /* Sound_ShakerUITests.swift */; };
		6066D13A1DC1EBBB0091B254 /* sounds in Resources */ = {isa = PBXBuildFile; fileRef = 6066D1391DC1EBBB0091B254 /* sounds */; };
/* End PBXBuildFile section */

/* Begin PBXContainerItemProxy section */
		6066D11D1DC134170091B254 /* PBXContainerItemProxy */ = {
			isa = PBXContainerItemProxy;
			containerPortal = 6066D1001DC134170091B254 /* Project object */;
			proxyType = 1;
			remoteGlobalIDString = 6066D1071DC134170091B254;
			remoteInfo = "Sound Shaker";
		};
		6066D1281DC134170091B254 /* PBXContainerItemProxy */ = {
			isa = PBXContainerItemProxy;
			containerPortal = 6066D1001DC134170091B254 /* Project object */;
			proxyType = 1;
			remoteGlobalIDString = 6066D1071DC134170091B254;
			remoteInfo = "Sound Shaker";
		};
/* End PBXContainerItemProxy section */

/* Begin PBXFileReference section */
		6066D1081DC134170091B254 /* Sound Shaker.app */ = {isa = PBXFileReference; explicitFileType = wrapper.application; includeInIndex = 0; path = "Sound Shaker.app"; sourceTree = BUILT_PRODUCTS_DIR; };
		6066D10B1DC134170091B254 /* AppDelegate.swift */ = {isa = PBXFileReference; lastKnownFileType = sourcecode.swift; path = AppDelegate.swift; sourceTree = "<group>"; };
		6066D10D1DC134170091B254 /* ViewController.swift */ = {isa = PBXFileReference; lastKnownFileType = sourcecode.swift; path = ViewController.swift; sourceTree = "<group>"; };
		6066D1101DC134170091B254 /* Base */ = {isa = PBXFileReference; lastKnownFileType = file.storyboard; name = Base; path = Base.lproj/Main.storyboard; sourceTree = "<group>"; };
		6066D1121DC134170091B254 /* Assets.xcassets */ = {isa = PBXFileReference; lastKnownFileType = folder.assetcatalog; path = Assets.xcassets; sourceTree = "<group>"; };
		6066D1151DC134170091B254 /* Base */ = {isa = PBXFileReference; lastKnownFileType = file.storyboard; name = Base; path = Base.lproj/LaunchScreen.storyboard; sourceTree = "<group>"; };
		6066D1171DC134170091B254 /* Info.plist */ = {isa = PBXFileReference; lastKnownFileType = text.plist.xml; path = Info.plist; sourceTree = "<group>"; };
		6066D11C1DC134170091B254 /* Sound ShakerTests.xctest */ = {isa = PBXFileReference; explicitFileType = wrapper.cfbundle; includeInIndex = 0; path = "Sound ShakerTests.xctest"; sourceTree = BUILT_PRODUCTS_DIR; };
		6066D1201DC134170091B254 /* Sound_ShakerTests.swift */ = {isa = PBXFileReference; lastKnownFileType = sourcecode.swift; path = Sound_ShakerTests.swift; sourceTree = "<group>"; };
		6066D1221DC134170091B254 /* Info.plist */ = {isa = PBXFileReference; lastKnownFileType = text.plist.xml; path = Info.plist; sourceTree = "<group>"; };
		6066D1271DC134170091B254 /* Sound ShakerUITests.xctest */ = {isa = PBXFileReference; explicitFileType = wrapper.cfbundle; includeInIndex = 0; path = "Sound ShakerUITests.xctest"; sourceTree = BUILT_PRODUCTS_DIR; };
		6066D12B1DC134170091B254 /* Sound_ShakerUITests.swift */ = {isa = PBXFileReference; lastKnownFileType = sourcecode.swift; path = Sound_ShakerUITests.swift; sourceTree = "<group>"; };
		6066D12D1DC134170091B254 /* Info.plist */ = {isa = PBXFileReference; lastKnownFileType = text.plist.xml; path = Info.plist; sourceTree = "<group>"; };
		6066D1391DC1EBBB0091B254 /* sounds */ = {isa = PBXFileReference; lastKnownFileType = folder; path = sounds; sourceTree = "<group>"; };
/* End PBXFileReference section */

/* Begin PBXFrameworksBuildPhase section */
		6066D1051DC134170091B254 /* Frameworks */ = {
			isa = PBXFrameworksBuildPhase;
			buildActionMask = 2147483647;
			files = (
			);
			runOnlyForDeploymentPostprocessing = 0;
		};
		6066D1191DC134170091B254 /* Frameworks */ = {
			isa = PBXFrameworksBuildPhase;
			buildActionMask = 2147483647;
			files = (
			);
			runOnlyForDeploymentPostprocessing = 0;
		};
		6066D1241DC134170091B254 /* Frameworks */ = {
			isa = PBXFrameworksBuildPhase;
			buildActionMask = 2147483647;
			files = (
			);
			runOnlyForDeploymentPostprocessing = 0;
		};
/* End PBXFrameworksBuildPhase section */

/* Begin PBXGroup section */
		6066D0FF1DC134170091B254 = {
			isa = PBXGroup;
			children = (
				6066D10A1DC134170091B254 /* Sound Shaker */,
				6066D11F1DC134170091B254 /* Sound ShakerTests */,
				6066D12A1DC134170091B254 /* Sound ShakerUITests */,
				6066D1091DC134170091B254 /* Products */,
			);
			sourceTree = "<group>";
		};
		6066D1091DC134170091B254 /* Products */ = {
			isa = PBXGroup;
			children = (
				6066D1081DC134170091B254 /* Sound Shaker.app */,
				6066D11C1DC134170091B254 /* Sound ShakerTests.xctest */,
				6066D1271DC134170091B254 /* Sound ShakerUITests.xctest */,
			);
			name = Products;
			sourceTree = "<group>";
		};
		6066D10A1DC134170091B254 /* Sound Shaker */ = {
			isa = PBXGroup;
			children = (
				6066D10B1DC134170091B254 /* AppDelegate.swift */,
				6066D10D1DC134170091B254 /* ViewController.swift */,
				6066D10F1DC134170091B254 /* Main.storyboard */,
				6066D1391DC1EBBB0091B254 /* sounds */,
				6066D1121DC134170091B254 /* Assets.xcassets */,
				6066D1141DC134170091B254 /* LaunchScreen.storyboard */,
				6066D1171DC134170091B254 /* Info.plist */,
			);
			path = "Sound Shaker";
			sourceTree = "<group>";
		};
		6066D11F1DC134170091B254 /* Sound ShakerTests */ = {
			isa = PBXGroup;
			children = (
				6066D1201DC134170091B254 /* Sound_ShakerTests.swift */,
				6066D1221DC134170091B254 /* Info.plist */,
			);
			path = "Sound ShakerTests";
			sourceTree = "<group>";
		};
		6066D12A1DC134170091B254 /* Sound ShakerUITests */ = {
			isa = PBXGroup;
			children = (
				6066D12B1DC134170091B254 /* Sound_ShakerUITests.swift */,
				6066D12D1DC134170091B254 /* Info.plist */,
			);
			path = "Sound ShakerUITests";
			sourceTree = "<group>";
		};
/* End PBXGroup section */

/* Begin PBXNativeTarget section */
		6066D1071DC134170091B254 /* Sound Shaker */ = {
			isa = PBXNativeTarget;
			buildConfigurationList = 6066D1301DC134170091B254 /* Build configuration list for PBXNativeTarget "Sound Shaker" */;
			buildPhases = (
				6066D1041DC134170091B254 /* Sources */,
				6066D1051DC134170091B254 /* Frameworks */,
				6066D1061DC134170091B254 /* Resources */,
			);
			buildRules = (
			);
			dependencies = (
			);
			name = "Sound Shaker";
			productName = "Sound Shaker";
			productReference = 6066D1081DC134170091B254 /* Sound Shaker.app */;
			productType = "com.apple.product-type.application";
		};
		6066D11B1DC134170091B254 /* Sound ShakerTests */ = {
			isa = PBXNativeTarget;
			buildConfigurationList = 6066D1331DC134170091B254 /* Build configuration list for PBXNativeTarget "Sound ShakerTests" */;
			buildPhases = (
				6066D1181DC134170091B254 /* Sources */,
				6066D1191DC134170091B254 /* Frameworks */,
				6066D11A1DC134170091B254 /* Resources */,
			);
			buildRules = (
			);
			dependencies = (
				6066D11E1DC134170091B254 /* PBXTargetDependency */,
			);
			name = "Sound ShakerTests";
			productName = "Sound ShakerTests";
			productReference = 6066D11C1DC134170091B254 /* Sound ShakerTests.xctest */;
			productType = "com.apple.product-type.bundle.unit-test";
		};
		6066D1261DC134170091B254 /* Sound ShakerUITests */ = {
			isa = PBXNativeTarget;
			buildConfigurationList = 6066D1361DC134170091B254 /* Build configuration list for PBXNativeTarget "Sound ShakerUITests" */;
			buildPhases = (
				6066D1231DC134170091B254 /* Sources */,
				6066D1241DC134170091B254 /* Frameworks */,
				6066D1251DC134170091B254 /* Resources */,
			);
			buildRules = (
			);
			dependencies = (
				6066D1291DC134170091B254 /* PBXTargetDependency */,
			);
			name = "Sound ShakerUITests";
			productName = "Sound ShakerUITests";
			productReference = 6066D1271DC134170091B254 /* Sound ShakerUITests.xctest */;
			productType = "com.apple.product-type.bundle.ui-testing";
		};
/* End PBXNativeTarget section */

/* Begin PBXProject section */
		6066D1001DC134170091B254 /* Project object */ = {
			isa = PBXProject;
			attributes = {
				LastSwiftUpdateCheck = 0800;
				LastUpgradeCheck = 0800;
				ORGANIZATIONNAME = "Brahma Reddy Chilakala";
				TargetAttributes = {
					6066D1071DC134170091B254 = {
						CreatedOnToolsVersion = 8.0;
						ProvisioningStyle = Automatic;
					};
					6066D11B1DC134170091B254 = {
						CreatedOnToolsVersion = 8.0;
						ProvisioningStyle = Automatic;
						TestTargetID = 6066D1071DC134170091B254;
					};
					6066D1261DC134170091B254 = {
						CreatedOnToolsVersion = 8.0;
						ProvisioningStyle = Automatic;
						TestTargetID = 6066D1071DC134170091B254;
					};
				};
			};
			buildConfigurationList = 6066D1031DC134170091B254 /* Build configuration list for PBXProject "Sound Shaker" */;
			compatibilityVersion = "Xcode 3.2";
			developmentRegion = English;
			hasScannedForEncodings = 0;
			knownRegions = (
				en,
				Base,
			);
			mainGroup = 6066D0FF1DC134170091B254;
			productRefGroup = 6066D1091DC134170091B254 /* Products */;
			projectDirPath = "";
			projectRoot = "";
			targets = (
				6066D1071DC134170091B254 /* Sound Shaker */,
				6066D11B1DC134170091B254 /* Sound ShakerTests */,
				6066D1261DC134170091B254 /* Sound ShakerUITests */,
			);
		};
/* End PBXProject section */

/* Begin PBXResourcesBuildPhase section */
		6066D1061DC134170091B254 /* Resources */ = {
			isa = PBXResourcesBuildPhase;
			buildActionMask = 2147483647;
			files = (
				6066D1161DC134170091B254 /* LaunchScreen.storyboard in Resources */,
				6066D1131DC134170091B254 /* Assets.xcassets in Resources */,
				6066D13A1DC1EBBB0091B254 /* sounds in Resources */,
				6066D1111DC134170091B254 /* Main.storyboard in Resources */,
			);
			runOnlyForDeploymentPostprocessing = 0;
		};
		6066D11A1DC134170091B254 /* Resources */ = {
			isa = PBXResourcesBuildPhase;
			buildActionMask = 2147483647;
			files = (
			);
			runOnlyForDeploymentPostprocessing = 0;
		};
		6066D1251DC134170091B254 /* Resources */ = {
			isa = PBXResourcesBuildPhase;
			buildActionMask = 2147483647;
			files = (
			);
			runOnlyForDeploymentPostprocessing = 0;
		};
/* End PBXResourcesBuildPhase section */

/* Begin PBXSourcesBuildPhase section */
		6066D1041DC134170091B254 /* Sources */ = {
			isa = PBXSourcesBuildPhase;
			buildActionMask = 2147483647;
			files = (
				6066D10E1DC134170091B254 /* ViewController.swift in Sources */,
				6066D10C1DC134170091B254 /* AppDelegate.swift in Sources */,
			);
			runOnlyForDeploymentPostprocessing = 0;
		};
		6066D1181DC134170091B254 /* Sources */ = {
			isa = PBXSourcesBuildPhase;
			buildActionMask = 2147483647;
			files = (
				6066D1211DC134170091B254 /* Sound_ShakerTests.swift in Sources */,
			);
			runOnlyForDeploymentPostprocessing = 0;
		};
		6066D1231DC134170091B254 /* Sources */ = {
			isa = PBXSourcesBuildPhase;
			buildActionMask = 2147483647;
			files = (
				6066D12C1DC134170091B254 /* Sound_ShakerUITests.swift in Sources */,
			);
			runOnlyForDeploymentPostprocessing = 0;
		};
/* End PBXSourcesBuildPhase section */

/* Begin PBXTargetDependency section */
		6066D11E1DC134170091B254 /* PBXTargetDependency */ = {
			isa = PBXTargetDependency;
			target = 6066D1071DC134170091B254 /* Sound Shaker */;
			targetProxy = 6066D11D1DC134170091B254 /* PBXContainerItemProxy */;
		};
		6066D1291DC134170091B254 /* PBXTargetDependency */ = {
			isa = PBXTargetDependency;
			target = 6066D1071DC134170091B254 /* Sound Shaker */;
			targetProxy = 6066D1281DC134170091B254 /* PBXContainerItemProxy */;
		};
/* End PBXTargetDependency section */

/* Begin PBXVariantGroup section */
		6066D10F1DC134170091B254 /* Main.storyboard */ = {
			isa = PBXVariantGroup;
			children = (
				6066D1101DC134170091B254 /* Base */,
			);
			name = Main.storyboard;
			sourceTree = "<group>";
		};
		6066D1141DC134170091B254 /* LaunchScreen.storyboard */ = {
			isa = PBXVariantGroup;
			children = (
				6066D1151DC134170091B254 /* Base */,
			);
			name = LaunchScreen.storyboard;
			sourceTree = "<group>";
		};
/* End PBXVariantGroup section */

/* Begin XCBuildConfiguration section */
		6066D12E1DC134170091B254 /* Debug */ = {
			isa = XCBuildConfiguration;
			buildSettings = {
				ALWAYS_SEARCH_USER_PATHS = NO;
				CLANG_ANALYZER_NONNULL = YES;
				CLANG_CXX_LANGUAGE_STANDARD = "gnu++0x";
				CLANG_CXX_LIBRARY = "libc++";
				CLANG_ENABLE_MODULES = YES;
				CLANG_ENABLE_OBJC_ARC = YES;
				CLANG_WARN_BOOL_CONVERSION = YES;
				CLANG_WARN_CONSTANT_CONVERSION = YES;
				CLANG_WARN_DIRECT_OBJC_ISA_USAGE = YES_ERROR;
				CLANG_WARN_DOCUMENTATION_COMMENTS = YES;
				CLANG_WARN_EMPTY_BODY = YES;
				CLANG_WARN_ENUM_CONVERSION = YES;
				CLANG_WARN_INFINITE_RECURSION = YES;
				CLANG_WARN_INT_CONVERSION = YES;
				CLANG_WARN_OBJC_ROOT_CLASS = YES_ERROR;
				CLANG_WARN_SUSPICIOUS_MOVES = YES;
				CLANG_WARN_UNREACHABLE_CODE = YES;
				CLANG_WARN__DUPLICATE_METHOD_MATCH = YES;
				"CODE_SIGN_IDENTITY[sdk=iphoneos*]" = "iPhone Developer";
				COPY_PHASE_STRIP = NO;
				DEBUG_INFORMATION_FORMAT = dwarf;
				ENABLE_STRICT_OBJC_MSGSEND = YES;
				ENABLE_TESTABILITY = YES;
				GCC_C_LANGUAGE_STANDARD = gnu99;
				GCC_DYNAMIC_NO_PIC = NO;
				GCC_NO_COMMON_BLOCKS = YES;
				GCC_OPTIMIZATION_LEVEL = 0;
				GCC_PREPROCESSOR_DEFINITIONS = (
					"DEBUG=1",
					"$(inherited)",
				);
				GCC_WARN_64_TO_32_BIT_CONVERSION = YES;
				GCC_WARN_ABOUT_RETURN_TYPE = YES_ERROR;
				GCC_WARN_UNDECLARED_SELECTOR = YES;
				GCC_WARN_UNINITIALIZED_AUTOS = YES_AGGRESSIVE;
				GCC_WARN_UNUSED_FUNCTION = YES;
				GCC_WARN_UNUSED_VARIABLE = YES;
				IPHONEOS_DEPLOYMENT_TARGET = 10.0;
				MTL_ENABLE_DEBUG_INFO = YES;
				ONLY_ACTIVE_ARCH = YES;
				SDKROOT = iphoneos;
				SWIFT_ACTIVE_COMPILATION_CONDITIONS = DEBUG;
				SWIFT_OPTIMIZATION_LEVEL = "-Onone";
			};
			name = Debug;
		};
		6066D12F1DC134170091B254 /* Release */ = {
			isa = XCBuildConfiguration;
			buildSettings = {
				ALWAYS_SEARCH_USER_PATHS = NO;
				CLANG_ANALYZER_NONNULL = YES;
				CLANG_CXX_LANGUAGE_STANDARD = "gnu++0x";
				CLANG_CXX_LIBRARY = "libc++";
				CLANG_ENABLE_MODULES = YES;
				CLANG_ENABLE_OBJC_ARC = YES;
				CLANG_WARN_BOOL_CONVERSION = YES;
				CLANG_WARN_CONSTANT_CONVERSION = YES;
				CLANG_WARN_DIRECT_OBJC_ISA_USAGE = YES_ERROR;
				CLANG_WARN_DOCUMENTATION_COMMENTS = YES;
				CLANG_WARN_EMPTY_BODY = YES;
				CLANG_WARN_ENUM_CONVERSION = YES;
				CLANG_WARN_INFINITE_RECURSION = YES;
				CLANG_WARN_INT_CONVERSION = YES;
				CLANG_WARN_OBJC_ROOT_CLASS = YES_ERROR;
				CLANG_WARN_SUSPICIOUS_MOVES = YES;
				CLANG_WARN_UNREACHABLE_CODE = YES;
				CLANG_WARN__DUPLICATE_METHOD_MATCH = YES;
				"CODE_SIGN_IDENTITY[sdk=iphoneos*]" = "iPhone Developer";
				COPY_PHASE_STRIP = NO;
				DEBUG_INFORMATION_FORMAT = "dwarf-with-dsym";
				ENABLE_NS_ASSERTIONS = NO;
				ENABLE_STRICT_OBJC_MSGSEND = YES;
				GCC_C_LANGUAGE_STANDARD = gnu99;
				GCC_NO_COMMON_BLOCKS = YES;
				GCC_WARN_64_TO_32_BIT_CONVERSION = YES;
				GCC_WARN_ABOUT_RETURN_TYPE = YES_ERROR;
				GCC_WARN_UNDECLARED_SELECTOR = YES;
				GCC_WARN_UNINITIALIZED_AUTOS = YES_AGGRESSIVE;
				GCC_WARN_UNUSED_FUNCTION = YES;
				GCC_WARN_UNUSED_VARIABLE = YES;
				IPHONEOS_DEPLOYMENT_TARGET = 10.0;
				MTL_ENABLE_DEBUG_INFO = NO;
				SDKROOT = iphoneos;
				SWIFT_OPTIMIZATION_LEVEL = "-Owholemodule";
				VALIDATE_PRODUCT = YES;
			};
			name = Release;
		};
		6066D1311DC134170091B254 /* Debug */ = {
			isa = XCBuildConfiguration;
			buildSettings = {
				ASSETCATALOG_COMPILER_APPICON_NAME = AppIcon;
				INFOPLIST_FILE = "Sound Shaker/Info.plist";
				LD_RUNPATH_SEARCH_PATHS = "$(inherited) @executable_path/Frameworks";
				PRODUCT_BUNDLE_IDENTIFIER = "com.brahma.Sound-Shaker";
				PRODUCT_NAME = "$(TARGET_NAME)";
				SWIFT_VERSION = 3.0;
			};
			name = Debug;
		};
		6066D1321DC134170091B254 /* Release */ = {
			isa = XCBuildConfiguration;
			buildSettings = {
				ASSETCATALOG_COMPILER_APPICON_NAME = AppIcon;
				INFOPLIST_FILE = "Sound Shaker/Info.plist";
				LD_RUNPATH_SEARCH_PATHS = "$(inherited) @executable_path/Frameworks";
				PRODUCT_BUNDLE_IDENTIFIER = "com.brahma.Sound-Shaker";
				PRODUCT_NAME = "$(TARGET_NAME)";
				SWIFT_VERSION = 3.0;
			};
			name = Release;
		};
		6066D1341DC134170091B254 /* Debug */ = {
			isa = XCBuildConfiguration;
			buildSettings = {
				ALWAYS_EMBED_SWIFT_STANDARD_LIBRARIES = YES;
				BUNDLE_LOADER = "$(TEST_HOST)";
				INFOPLIST_FILE = "Sound ShakerTests/Info.plist";
				LD_RUNPATH_SEARCH_PATHS = "$(inherited) @executable_path/Frameworks @loader_path/Frameworks";
				PRODUCT_BUNDLE_IDENTIFIER = "com.brahma.Sound-ShakerTests";
				PRODUCT_NAME = "$(TARGET_NAME)";
				SWIFT_VERSION = 3.0;
				TEST_HOST = "$(BUILT_PRODUCTS_DIR)/Sound Shaker.app/Sound Shaker";
			};
			name = Debug;
		};
		6066D1351DC134170091B254 /* Release */ = {
			isa = XCBuildConfiguration;
			buildSettings = {
				ALWAYS_EMBED_SWIFT_STANDARD_LIBRARIES = YES;
				BUNDLE_LOADER = "$(TEST_HOST)";
				INFOPLIST_FILE = "Sound ShakerTests/Info.plist";
				LD_RUNPATH_SEARCH_PATHS = "$(inherited) @executable_path/Frameworks @loader_path/Frameworks";
				PRODUCT_BUNDLE_IDENTIFIER = "com.brahma.Sound-ShakerTests";
				PRODUCT_NAME = "$(TARGET_NAME)";
				SWIFT_VERSION = 3.0;
				TEST_HOST = "$(BUILT_PRODUCTS_DIR)/Sound Shaker.app/Sound Shaker";
			};
			name = Release;
		};
		6066D1371DC134170091B254 /* Debug */ = {
			isa = XCBuildConfiguration;
			buildSettings = {
				ALWAYS_EMBED_SWIFT_STANDARD_LIBRARIES = YES;
				INFOPLIST_FILE = "Sound ShakerUITests/Info.plist";
				LD_RUNPATH_SEARCH_PATHS = "$(inherited) @executable_path/Frameworks @loader_path/Frameworks";
				PRODUCT_BUNDLE_IDENTIFIER = "com.brahma.Sound-ShakerUITests";
				PRODUCT_NAME = "$(TARGET_NAME)";
				SWIFT_VERSION = 3.0;
				TEST_TARGET_NAME = "Sound Shaker";
			};
			name = Debug;
		};
		6066D1381DC134170091B254 /* Release */ = {
			isa = XCBuildConfiguration;
			buildSettings = {
				ALWAYS_EMBED_SWIFT_STANDARD_LIBRARIES = YES;
				INFOPLIST_FILE = "Sound ShakerUITests/Info.plist";
				LD_RUNPATH_SEARCH_PATHS = "$(inherited) @executable_path/Frameworks @loader_path/Frameworks";
				PRODUCT_BUNDLE_IDENTIFIER = "com.brahma.Sound-ShakerUITests";
				PRODUCT_NAME = "$(TARGET_NAME)";
				SWIFT_VERSION = 3.0;
				TEST_TARGET_NAME = "Sound Shaker";
			};
			name = Release;
		};
/* End XCBuildConfiguration section */

/* Begin XCConfigurationList section */
		6066D1031DC134170091B254 /* Build configuration list for PBXProject "Sound Shaker" */ = {
			isa = XCConfigurationList;
			buildConfigurations = (
				6066D12E1DC134170091B254 /* Debug */,
				6066D12F1DC134170091B254 /* Release */,
			);
			defaultConfigurationIsVisible = 0;
			defaultConfigurationName = Release;
		};
		6066D1301DC134170091B254 /* Build configuration list for PBXNativeTarget "Sound Shaker" */ = {
			isa = XCConfigurationList;
			buildConfigurations = (
				6066D1311DC134170091B254 /* Debug */,
				6066D1321DC134170091B254 /* Release */,
			);
			defaultConfigurationIsVisible = 0;
		};
		6066D1331DC134170091B254 /* Build configuration list for PBXNativeTarget "Sound ShakerTests" */ = {
			isa = XCConfigurationList;
			buildConfigurations = (
				6066D1341DC134170091B254 /* Debug */,
				6066D1351DC134170091B254 /* Release */,
			);
			defaultConfigurationIsVisible = 0;
		};
		6066D1361DC134170091B254 /* Build configuration list for PBXNativeTarget "Sound ShakerUITests" */ = {
			isa = XCConfigurationList;
			buildConfigurations = (
				6066D1371DC134170091B254 /* Debug */,
				6066D1381DC134170091B254 /* Release */,
			);
			defaultConfigurationIsVisible = 0;
		};
/* End XCConfigurationList section */
	};
	rootObject = 6066D1001DC134170091B254 /* Project object */;
}
