// !$*UTF8*$!
{
	archiveVersion = 1;
	classes = {
	};
	objectVersion = 46;
	objects = {

/* Begin PBXBuildFile section */
		60E8FF271DB7978000F6AF4F /* AppDelegate.swift in Sources */ = {isa = PBXBuildFile; fileRef = 60E8FF261DB7978000F6AF4F /* AppDelegate.swift */; };
		60E8FF291DB7978000F6AF4F /* ViewController.swift in Sources */ = {isa = PBXBuildFile; fileRef = 60E8FF281DB7978000F6AF4F /* ViewController.swift */; };
		60E8FF2C1DB7978000F6AF4F /* Main.storyboard in Resources */ = {isa = PBXBuildFile; fileRef = 60E8FF2A1DB7978000F6AF4F /* Main.storyboard */; };
		60E8FF2E1DB7978000F6AF4F /* Assets.xcassets in Resources */ = {isa = PBXBuildFile; fileRef = 60E8FF2D1DB7978000F6AF4F /* Assets.xcassets */; };
		60E8FF311DB7978000F6AF4F /* LaunchScreen.storyboard in Resources */ = {isa = PBXBuildFile; fileRef = 60E8FF2F1DB7978000F6AF4F /* LaunchScreen.storyboard */; };
		60E8FF3C1DB7978000F6AF4F /* Egg_TimerTests.swift in Sources */ = {isa = PBXBuildFile; fileRef = 60E8FF3B1DB7978000F6AF4F /* Egg_TimerTests.swift */; };
		60E8FF471DB7978000F6AF4F /* Egg_TimerUITests.swift in Sources */ = {isa = PBXBuildFile; fileRef = 60E8FF461DB7978000F6AF4F /* Egg_TimerUITests.swift */; };
/* End PBXBuildFile section */

/* Begin PBXContainerItemProxy section */
		60E8FF381DB7978000F6AF4F /* PBXContainerItemProxy */ = {
			isa = PBXContainerItemProxy;
			containerPortal = 60E8FF1B1DB7978000F6AF4F /* Project object */;
			proxyType = 1;
			remoteGlobalIDString = 60E8FF221DB7978000F6AF4F;
			remoteInfo = "Egg Timer";
		};
		60E8FF431DB7978000F6AF4F /* PBXContainerItemProxy */ = {
			isa = PBXContainerItemProxy;
			containerPortal = 60E8FF1B1DB7978000F6AF4F /* Project object */;
			proxyType = 1;
			remoteGlobalIDString = 60E8FF221DB7978000F6AF4F;
			remoteInfo = "Egg Timer";
		};
/* End PBXContainerItemProxy section */

/* Begin PBXFileReference section */
		60E8FF231DB7978000F6AF4F /* Egg Timer.app */ = {isa = PBXFileReference; explicitFileType = wrapper.application; includeInIndex = 0; path = "Egg Timer.app"; sourceTree = BUILT_PRODUCTS_DIR; };
		60E8FF261DB7978000F6AF4F /* AppDelegate.swift */ = {isa = PBXFileReference; lastKnownFileType = sourcecode.swift; path = AppDelegate.swift; sourceTree = "<group>"; };
		60E8FF281DB7978000F6AF4F /* ViewController.swift */ = {isa = PBXFileReference; lastKnownFileType = sourcecode.swift; path = ViewController.swift; sourceTree = "<group>"; };
		60E8FF2B1DB7978000F6AF4F /* Base */ = {isa = PBXFileReference; lastKnownFileType = file.storyboard; name = Base; path = Base.lproj/Main.storyboard; sourceTree = "<group>"; };
		60E8FF2D1DB7978000F6AF4F /* Assets.xcassets */ = {isa = PBXFileReference; lastKnownFileType = folder.assetcatalog; path = Assets.xcassets; sourceTree = "<group>"; };
		60E8FF301DB7978000F6AF4F /* Base */ = {isa = PBXFileReference; lastKnownFileType = file.storyboard; name = Base; path = Base.lproj/LaunchScreen.storyboard; sourceTree = "<group>"; };
		60E8FF321DB7978000F6AF4F /* Info.plist */ = {isa = PBXFileReference; lastKnownFileType = text.plist.xml; path = Info.plist; sourceTree = "<group>"; };
		60E8FF371DB7978000F6AF4F /* Egg TimerTests.xctest */ = {isa = PBXFileReference; explicitFileType = wrapper.cfbundle; includeInIndex = 0; path = "Egg TimerTests.xctest"; sourceTree = BUILT_PRODUCTS_DIR; };
		60E8FF3B1DB7978000F6AF4F /* Egg_TimerTests.swift */ = {isa = PBXFileReference; lastKnownFileType = sourcecode.swift; path = Egg_TimerTests.swift; sourceTree = "<group>"; };
		60E8FF3D1DB7978000F6AF4F /* Info.plist */ = {isa = PBXFileReference; lastKnownFileType = text.plist.xml; path = Info.plist; sourceTree = "<group>"; };
		60E8FF421DB7978000F6AF4F /* Egg TimerUITests.xctest */ = {isa = PBXFileReference; explicitFileType = wrapper.cfbundle; includeInIndex = 0; path = "Egg TimerUITests.xctest"; sourceTree = BUILT_PRODUCTS_DIR; };
		60E8FF461DB7978000F6AF4F /* Egg_TimerUITests.swift */ = {isa = PBXFileReference; lastKnownFileType = sourcecode.swift; path = Egg_TimerUITests.swift; sourceTree = "<group>"; };
		60E8FF481DB7978000F6AF4F /* Info.plist */ = {isa = PBXFileReference; lastKnownFileType = text.plist.xml; path = Info.plist; sourceTree = "<group>"; };
/* End PBXFileReference section */

/* Begin PBXFrameworksBuildPhase section */
		60E8FF201DB7978000F6AF4F /* Frameworks */ = {
			isa = PBXFrameworksBuildPhase;
			buildActionMask = 2147483647;
			files = (
			);
			runOnlyForDeploymentPostprocessing = 0;
		};
		60E8FF341DB7978000F6AF4F /* Frameworks */ = {
			isa = PBXFrameworksBuildPhase;
			buildActionMask = 2147483647;
			files = (
			);
			runOnlyForDeploymentPostprocessing = 0;
		};
		60E8FF3F1DB7978000F6AF4F /* Frameworks */ = {
			isa = PBXFrameworksBuildPhase;
			buildActionMask = 2147483647;
			files = (
			);
			runOnlyForDeploymentPostprocessing = 0;
		};
/* End PBXFrameworksBuildPhase section */

/* Begin PBXGroup section */
		60E8FF1A1DB7978000F6AF4F = {
			isa = PBXGroup;
			children = (
				60E8FF251DB7978000F6AF4F /* Egg Timer */,
				60E8FF3A1DB7978000F6AF4F /* Egg TimerTests */,
				60E8FF451DB7978000F6AF4F /* Egg TimerUITests */,
				60E8FF241DB7978000F6AF4F /* Products */,
			);
			sourceTree = "<group>";
		};
		60E8FF241DB7978000F6AF4F /* Products */ = {
			isa = PBXGroup;
			children = (
				60E8FF231DB7978000F6AF4F /* Egg Timer.app */,
				60E8FF371DB7978000F6AF4F /* Egg TimerTests.xctest */,
				60E8FF421DB7978000F6AF4F /* Egg TimerUITests.xctest */,
			);
			name = Products;
			sourceTree = "<group>";
		};
		60E8FF251DB7978000F6AF4F /* Egg Timer */ = {
			isa = PBXGroup;
			children = (
				60E8FF261DB7978000F6AF4F /* AppDelegate.swift */,
				60E8FF281DB7978000F6AF4F /* ViewController.swift */,
				60E8FF2A1DB7978000F6AF4F /* Main.storyboard */,
				60E8FF2D1DB7978000F6AF4F /* Assets.xcassets */,
				60E8FF2F1DB7978000F6AF4F /* LaunchScreen.storyboard */,
				60E8FF321DB7978000F6AF4F /* Info.plist */,
			);
			path = "Egg Timer";
			sourceTree = "<group>";
		};
		60E8FF3A1DB7978000F6AF4F /* Egg TimerTests */ = {
			isa = PBXGroup;
			children = (
				60E8FF3B1DB7978000F6AF4F /* Egg_TimerTests.swift */,
				60E8FF3D1DB7978000F6AF4F /* Info.plist */,
			);
			path = "Egg TimerTests";
			sourceTree = "<group>";
		};
		60E8FF451DB7978000F6AF4F /* Egg TimerUITests */ = {
			isa = PBXGroup;
			children = (
				60E8FF461DB7978000F6AF4F /* Egg_TimerUITests.swift */,
				60E8FF481DB7978000F6AF4F /* Info.plist */,
			);
			path = "Egg TimerUITests";
			sourceTree = "<group>";
		};
/* End PBXGroup section */

/* Begin PBXNativeTarget section */
		60E8FF221DB7978000F6AF4F /* Egg Timer */ = {
			isa = PBXNativeTarget;
			buildConfigurationList = 60E8FF4B1DB7978000F6AF4F /* Build configuration list for PBXNativeTarget "Egg Timer" */;
			buildPhases = (
				60E8FF1F1DB7978000F6AF4F /* Sources */,
				60E8FF201DB7978000F6AF4F /* Frameworks */,
				60E8FF211DB7978000F6AF4F /* Resources */,
			);
			buildRules = (
			);
			dependencies = (
			);
			name = "Egg Timer";
			productName = "Egg Timer";
			productReference = 60E8FF231DB7978000F6AF4F /* Egg Timer.app */;
			productType = "com.apple.product-type.application";
		};
		60E8FF361DB7978000F6AF4F /* Egg TimerTests */ = {
			isa = PBXNativeTarget;
			buildConfigurationList = 60E8FF4E1DB7978000F6AF4F /* Build configuration list for PBXNativeTarget "Egg TimerTests" */;
			buildPhases = (
				60E8FF331DB7978000F6AF4F /* Sources */,
				60E8FF341DB7978000F6AF4F /* Frameworks */,
				60E8FF351DB7978000F6AF4F /* Resources */,
			);
			buildRules = (
			);
			dependencies = (
				60E8FF391DB7978000F6AF4F /* PBXTargetDependency */,
			);
			name = "Egg TimerTests";
			productName = "Egg TimerTests";
			productReference = 60E8FF371DB7978000F6AF4F /* Egg TimerTests.xctest */;
			productType = "com.apple.product-type.bundle.unit-test";
		};
		60E8FF411DB7978000F6AF4F /* Egg TimerUITests */ = {
			isa = PBXNativeTarget;
			buildConfigurationList = 60E8FF511DB7978000F6AF4F /* Build configuration list for PBXNativeTarget "Egg TimerUITests" */;
			buildPhases = (
				60E8FF3E1DB7978000F6AF4F /* Sources */,
				60E8FF3F1DB7978000F6AF4F /* Frameworks */,
				60E8FF401DB7978000F6AF4F /* Resources */,
			);
			buildRules = (
			);
			dependencies = (
				60E8FF441DB7978000F6AF4F /* PBXTargetDependency */,
			);
			name = "Egg TimerUITests";
			productName = "Egg TimerUITests";
			productReference = 60E8FF421DB7978000F6AF4F /* Egg TimerUITests.xctest */;
			productType = "com.apple.product-type.bundle.ui-testing";
		};
/* End PBXNativeTarget section */

/* Begin PBXProject section */
		60E8FF1B1DB7978000F6AF4F /* Project object */ = {
			isa = PBXProject;
			attributes = {
				LastSwiftUpdateCheck = 0800;
				LastUpgradeCheck = 0800;
				ORGANIZATIONNAME = "Brahma Reddy Chilakala";
				TargetAttributes = {
					60E8FF221DB7978000F6AF4F = {
						CreatedOnToolsVersion = 8.0;
						ProvisioningStyle = Automatic;
					};
					60E8FF361DB7978000F6AF4F = {
						CreatedOnToolsVersion = 8.0;
						ProvisioningStyle = Automatic;
						TestTargetID = 60E8FF221DB7978000F6AF4F;
					};
					60E8FF411DB7978000F6AF4F = {
						CreatedOnToolsVersion = 8.0;
						ProvisioningStyle = Automatic;
						TestTargetID = 60E8FF221DB7978000F6AF4F;
					};
				};
			};
			buildConfigurationList = 60E8FF1E1DB7978000F6AF4F /* Build configuration list for PBXProject "Egg Timer" */;
			compatibilityVersion = "Xcode 3.2";
			developmentRegion = English;
			hasScannedForEncodings = 0;
			knownRegions = (
				en,
				Base,
			);
			mainGroup = 60E8FF1A1DB7978000F6AF4F;
			productRefGroup = 60E8FF241DB7978000F6AF4F /* Products */;
			projectDirPath = "";
			projectRoot = "";
			targets = (
				60E8FF221DB7978000F6AF4F /* Egg Timer */,
				60E8FF361DB7978000F6AF4F /* Egg TimerTests */,
				60E8FF411DB7978000F6AF4F /* Egg TimerUITests */,
			);
		};
/* End PBXProject section */

/* Begin PBXResourcesBuildPhase section */
		60E8FF211DB7978000F6AF4F /* Resources */ = {
			isa = PBXResourcesBuildPhase;
			buildActionMask = 2147483647;
			files = (
				60E8FF311DB7978000F6AF4F /* LaunchScreen.storyboard in Resources */,
				60E8FF2E1DB7978000F6AF4F /* Assets.xcassets in Resources */,
				60E8FF2C1DB7978000F6AF4F /* Main.storyboard in Resources */,
			);
			runOnlyForDeploymentPostprocessing = 0;
		};
		60E8FF351DB7978000F6AF4F /* Resources */ = {
			isa = PBXResourcesBuildPhase;
			buildActionMask = 2147483647;
			files = (
			);
			runOnlyForDeploymentPostprocessing = 0;
		};
		60E8FF401DB7978000F6AF4F /* Resources */ = {
			isa = PBXResourcesBuildPhase;
			buildActionMask = 2147483647;
			files = (
			);
			runOnlyForDeploymentPostprocessing = 0;
		};
/* End PBXResourcesBuildPhase section */

/* Begin PBXSourcesBuildPhase section */
		60E8FF1F1DB7978000F6AF4F /* Sources */ = {
			isa = PBXSourcesBuildPhase;
			buildActionMask = 2147483647;
			files = (
				60E8FF291DB7978000F6AF4F /* ViewController.swift in Sources */,
				60E8FF271DB7978000F6AF4F /* AppDelegate.swift in Sources */,
			);
			runOnlyForDeploymentPostprocessing = 0;
		};
		60E8FF331DB7978000F6AF4F /* Sources */ = {
			isa = PBXSourcesBuildPhase;
			buildActionMask = 2147483647;
			files = (
				60E8FF3C1DB7978000F6AF4F /* Egg_TimerTests.swift in Sources */,
			);
			runOnlyForDeploymentPostprocessing = 0;
		};
		60E8FF3E1DB7978000F6AF4F /* Sources */ = {
			isa = PBXSourcesBuildPhase;
			buildActionMask = 2147483647;
			files = (
				60E8FF471DB7978000F6AF4F /* Egg_TimerUITests.swift in Sources */,
			);
			runOnlyForDeploymentPostprocessing = 0;
		};
/* End PBXSourcesBuildPhase section */

/* Begin PBXTargetDependency section */
		60E8FF391DB7978000F6AF4F /* PBXTargetDependency */ = {
			isa = PBXTargetDependency;
			target = 60E8FF221DB7978000F6AF4F /* Egg Timer */;
			targetProxy = 60E8FF381DB7978000F6AF4F /* PBXContainerItemProxy */;
		};
		60E8FF441DB7978000F6AF4F /* PBXTargetDependency */ = {
			isa = PBXTargetDependency;
			target = 60E8FF221DB7978000F6AF4F /* Egg Timer */;
			targetProxy = 60E8FF431DB7978000F6AF4F /* PBXContainerItemProxy */;
		};
/* End PBXTargetDependency section */

/* Begin PBXVariantGroup section */
		60E8FF2A1DB7978000F6AF4F /* Main.storyboard */ = {
			isa = PBXVariantGroup;
			children = (
				60E8FF2B1DB7978000F6AF4F /* Base */,
			);
			name = Main.storyboard;
			sourceTree = "<group>";
		};
		60E8FF2F1DB7978000F6AF4F /* LaunchScreen.storyboard */ = {
			isa = PBXVariantGroup;
			children = (
				60E8FF301DB7978000F6AF4F /* Base */,
			);
			name = LaunchScreen.storyboard;
			sourceTree = "<group>";
		};
/* End PBXVariantGroup section */

/* Begin XCBuildConfiguration section */
		60E8FF491DB7978000F6AF4F /* Debug */ = {
			isa = XCBuildConfiguration;
			buildSettings = {
				ALWAYS_SEARCH_USER_PATHS = NO;
				CLANG_ANALYZER_NONNULL = YES;
				CLANG_CXX_LANGUAGE_STANDARD = "gnu++0x";
				CLANG_CXX_LIBRARY = "libc++";
				CLANG_ENABLE_MODULES = YES;
				CLANG_ENABLE_OBJC_ARC = YES;
				CLANG_WARN_BOOL_CONVERSION = YES;
				CLANG_WARN_CONSTANT_CONVERSION = YES;
				CLANG_WARN_DIRECT_OBJC_ISA_USAGE = YES_ERROR;
				CLANG_WARN_DOCUMENTATION_COMMENTS = YES;
				CLANG_WARN_EMPTY_BODY = YES;
				CLANG_WARN_ENUM_CONVERSION = YES;
				CLANG_WARN_INFINITE_RECURSION = YES;
				CLANG_WARN_INT_CONVERSION = YES;
				CLANG_WARN_OBJC_ROOT_CLASS = YES_ERROR;
				CLANG_WARN_SUSPICIOUS_MOVES = YES;
				CLANG_WARN_UNREACHABLE_CODE = YES;
				CLANG_WARN__DUPLICATE_METHOD_MATCH = YES;
				"CODE_SIGN_IDENTITY[sdk=iphoneos*]" = "iPhone Developer";
				COPY_PHASE_STRIP = NO;
				DEBUG_INFORMATION_FORMAT = dwarf;
				ENABLE_STRICT_OBJC_MSGSEND = YES;
				ENABLE_TESTABILITY = YES;
				GCC_C_LANGUAGE_STANDARD = gnu99;
				GCC_DYNAMIC_NO_PIC = NO;
				GCC_NO_COMMON_BLOCKS = YES;
				GCC_OPTIMIZATION_LEVEL = 0;
				GCC_PREPROCESSOR_DEFINITIONS = (
					"DEBUG=1",
					"$(inherited)",
				);
				GCC_WARN_64_TO_32_BIT_CONVERSION = YES;
				GCC_WARN_ABOUT_RETURN_TYPE = YES_ERROR;
				GCC_WARN_UNDECLARED_SELECTOR = YES;
				GCC_WARN_UNINITIALIZED_AUTOS = YES_AGGRESSIVE;
				GCC_WARN_UNUSED_FUNCTION = YES;
				GCC_WARN_UNUSED_VARIABLE = YES;
				IPHONEOS_DEPLOYMENT_TARGET = 10.0;
				MTL_ENABLE_DEBUG_INFO = YES;
				ONLY_ACTIVE_ARCH = YES;
				SDKROOT = iphoneos;
				SWIFT_ACTIVE_COMPILATION_CONDITIONS = DEBUG;
				SWIFT_OPTIMIZATION_LEVEL = "-Onone";
			};
			name = Debug;
		};
		60E8FF4A1DB7978000F6AF4F /* Release */ = {
			isa = XCBuildConfiguration;
			buildSettings = {
				ALWAYS_SEARCH_USER_PATHS = NO;
				CLANG_ANALYZER_NONNULL = YES;
				CLANG_CXX_LANGUAGE_STANDARD = "gnu++0x";
				CLANG_CXX_LIBRARY = "libc++";
				CLANG_ENABLE_MODULES = YES;
				CLANG_ENABLE_OBJC_ARC = YES;
				CLANG_WARN_BOOL_CONVERSION = YES;
				CLANG_WARN_CONSTANT_CONVERSION = YES;
				CLANG_WARN_DIRECT_OBJC_ISA_USAGE = YES_ERROR;
				CLANG_WARN_DOCUMENTATION_COMMENTS = YES;
				CLANG_WARN_EMPTY_BODY = YES;
				CLANG_WARN_ENUM_CONVERSION = YES;
				CLANG_WARN_INFINITE_RECURSION = YES;
				CLANG_WARN_INT_CONVERSION = YES;
				CLANG_WARN_OBJC_ROOT_CLASS = YES_ERROR;
				CLANG_WARN_SUSPICIOUS_MOVES = YES;
				CLANG_WARN_UNREACHABLE_CODE = YES;
				CLANG_WARN__DUPLICATE_METHOD_MATCH = YES;
				"CODE_SIGN_IDENTITY[sdk=iphoneos*]" = "iPhone Developer";
				COPY_PHASE_STRIP = NO;
				DEBUG_INFORMATION_FORMAT = "dwarf-with-dsym";
				ENABLE_NS_ASSERTIONS = NO;
				ENABLE_STRICT_OBJC_MSGSEND = YES;
				GCC_C_LANGUAGE_STANDARD = gnu99;
				GCC_NO_COMMON_BLOCKS = YES;
				GCC_WARN_64_TO_32_BIT_CONVERSION = YES;
				GCC_WARN_ABOUT_RETURN_TYPE = YES_ERROR;
				GCC_WARN_UNDECLARED_SELECTOR = YES;
				GCC_WARN_UNINITIALIZED_AUTOS = YES_AGGRESSIVE;
				GCC_WARN_UNUSED_FUNCTION = YES;
				GCC_WARN_UNUSED_VARIABLE = YES;
				IPHONEOS_DEPLOYMENT_TARGET = 10.0;
				MTL_ENABLE_DEBUG_INFO = NO;
				SDKROOT = iphoneos;
				SWIFT_OPTIMIZATION_LEVEL = "-Owholemodule";
				VALIDATE_PRODUCT = YES;
			};
			name = Release;
		};
		60E8FF4C1DB7978000F6AF4F /* Debug */ = {
			isa = XCBuildConfiguration;
			buildSettings = {
				ASSETCATALOG_COMPILER_APPICON_NAME = AppIcon;
				INFOPLIST_FILE = "Egg Timer/Info.plist";
				LD_RUNPATH_SEARCH_PATHS = "$(inherited) @executable_path/Frameworks";
				PRODUCT_BUNDLE_IDENTIFIER = "com.brahma.Egg-Timer";
				PRODUCT_NAME = "$(TARGET_NAME)";
				SWIFT_VERSION = 3.0;
			};
			name = Debug;
		};
		60E8FF4D1DB7978000F6AF4F /* Release */ = {
			isa = XCBuildConfiguration;
			buildSettings = {
				ASSETCATALOG_COMPILER_APPICON_NAME = AppIcon;
				INFOPLIST_FILE = "Egg Timer/Info.plist";
				LD_RUNPATH_SEARCH_PATHS = "$(inherited) @executable_path/Frameworks";
				PRODUCT_BUNDLE_IDENTIFIER = "com.brahma.Egg-Timer";
				PRODUCT_NAME = "$(TARGET_NAME)";
				SWIFT_VERSION = 3.0;
			};
			name = Release;
		};
		60E8FF4F1DB7978000F6AF4F /* Debug */ = {
			isa = XCBuildConfiguration;
			buildSettings = {
				ALWAYS_EMBED_SWIFT_STANDARD_LIBRARIES = YES;
				BUNDLE_LOADER = "$(TEST_HOST)";
				INFOPLIST_FILE = "Egg TimerTests/Info.plist";
				LD_RUNPATH_SEARCH_PATHS = "$(inherited) @executable_path/Frameworks @loader_path/Frameworks";
				PRODUCT_BUNDLE_IDENTIFIER = "com.brahma.Egg-TimerTests";
				PRODUCT_NAME = "$(TARGET_NAME)";
				SWIFT_VERSION = 3.0;
				TEST_HOST = "$(BUILT_PRODUCTS_DIR)/Egg Timer.app/Egg Timer";
			};
			name = Debug;
		};
		60E8FF501DB7978000F6AF4F /* Release */ = {
			isa = XCBuildConfiguration;
			buildSettings = {
				ALWAYS_EMBED_SWIFT_STANDARD_LIBRARIES = YES;
				BUNDLE_LOADER = "$(TEST_HOST)";
				INFOPLIST_FILE = "Egg TimerTests/Info.plist";
				LD_RUNPATH_SEARCH_PATHS = "$(inherited) @executable_path/Frameworks @loader_path/Frameworks";
				PRODUCT_BUNDLE_IDENTIFIER = "com.brahma.Egg-TimerTests";
				PRODUCT_NAME = "$(TARGET_NAME)";
				SWIFT_VERSION = 3.0;
				TEST_HOST = "$(BUILT_PRODUCTS_DIR)/Egg Timer.app/Egg Timer";
			};
			name = Release;
		};
		60E8FF521DB7978000F6AF4F /* Debug */ = {
			isa = XCBuildConfiguration;
			buildSettings = {
				ALWAYS_EMBED_SWIFT_STANDARD_LIBRARIES = YES;
				INFOPLIST_FILE = "Egg TimerUITests/Info.plist";
				LD_RUNPATH_SEARCH_PATHS = "$(inherited) @executable_path/Frameworks @loader_path/Frameworks";
				PRODUCT_BUNDLE_IDENTIFIER = "com.brahma.Egg-TimerUITests";
				PRODUCT_NAME = "$(TARGET_NAME)";
				SWIFT_VERSION = 3.0;
				TEST_TARGET_NAME = "Egg Timer";
			};
			name = Debug;
		};
		60E8FF531DB7978000F6AF4F /* Release */ = {
			isa = XCBuildConfiguration;
			buildSettings = {
				ALWAYS_EMBED_SWIFT_STANDARD_LIBRARIES = YES;
				INFOPLIST_FILE = "Egg TimerUITests/Info.plist";
				LD_RUNPATH_SEARCH_PATHS = "$(inherited) @executable_path/Frameworks @loader_path/Frameworks";
				PRODUCT_BUNDLE_IDENTIFIER = "com.brahma.Egg-TimerUITests";
				PRODUCT_NAME = "$(TARGET_NAME)";
				SWIFT_VERSION = 3.0;
				TEST_TARGET_NAME = "Egg Timer";
			};
			name = Release;
		};
/* End XCBuildConfiguration section */

/* Begin XCConfigurationList section */
		60E8FF1E1DB7978000F6AF4F /* Build configuration list for PBXProject "Egg Timer" */ = {
			isa = XCConfigurationList;
			buildConfigurations = (
				60E8FF491DB7978000F6AF4F /* Debug */,
				60E8FF4A1DB7978000F6AF4F /* Release */,
			);
			defaultConfigurationIsVisible = 0;
			defaultConfigurationName = Release;
		};
		60E8FF4B1DB7978000F6AF4F /* Build configuration list for PBXNativeTarget "Egg Timer" */ = {
			isa = XCConfigurationList;
			buildConfigurations = (
				60E8FF4C1DB7978000F6AF4F /* Debug */,
				60E8FF4D1DB7978000F6AF4F /* Release */,
			);
			defaultConfigurationIsVisible = 0;
		};
		60E8FF4E1DB7978000F6AF4F /* Build configuration list for PBXNativeTarget "Egg TimerTests" */ = {
			isa = XCConfigurationList;
			buildConfigurations = (
				60E8FF4F1DB7978000F6AF4F /* Debug */,
				60E8FF501DB7978000F6AF4F /* Release */,
			);
			defaultConfigurationIsVisible = 0;
		};
		60E8FF511DB7978000F6AF4F /* Build configuration list for PBXNativeTarget "Egg TimerUITests" */ = {
			isa = XCConfigurationList;
			buildConfigurations = (
				60E8FF521DB7978000F6AF4F /* Debug */,
				60E8FF531DB7978000F6AF4F /* Release */,
			);
			defaultConfigurationIsVisible = 0;
		};
/* End XCConfigurationList section */
	};
	rootObject = 60E8FF1B1DB7978000F6AF4F /* Project object */;
}
