// !$*UTF8*$!
{
	archiveVersion = 1;
	classes = {
	};
	objectVersion = 46;
	objects = {

/* Begin PBXBuildFile section */
		6076E2231C4FA76600248DF8 /* AppDelegate.swift in Sources */ = {isa = PBXBuildFile; fileRef = 6076E2221C4FA76600248DF8 /* AppDelegate.swift */; };
		6076E2251C4FA76600248DF8 /* ViewController.swift in Sources */ = {isa = PBXBuildFile; fileRef = 6076E2241C4FA76600248DF8 /* ViewController.swift */; };
		6076E2281C4FA76600248DF8 /* Main.storyboard in Resources */ = {isa = PBXBuildFile; fileRef = 6076E2261C4FA76600248DF8 /* Main.storyboard */; };
		6076E22A1C4FA76600248DF8 /* Images.xcassets in Resources */ = {isa = PBXBuildFile; fileRef = 6076E2291C4FA76600248DF8 /* Images.xcassets */; };
		6076E22D1C4FA76600248DF8 /* LaunchScreen.xib in Resources */ = {isa = PBXBuildFile; fileRef = 6076E22B1C4FA76600248DF8 /* LaunchScreen.xib */; };
		6076E2391C4FA76600248DF8 /* Click_CounterTests.swift in Sources */ = {isa = PBXBuildFile; fileRef = 6076E2381C4FA76600248DF8 /* Click_CounterTests.swift */; };
/* End PBXBuildFile section */

/* Begin PBXContainerItemProxy section */
		6076E2331C4FA76600248DF8 /* PBXContainerItemProxy */ = {
			isa = PBXContainerItemProxy;
			containerPortal = 6076E2151C4FA76600248DF8 /* Project object */;
			proxyType = 1;
			remoteGlobalIDString = 6076E21C1C4FA76600248DF8;
			remoteInfo = "Click Counter";
		};
/* End PBXContainerItemProxy section */

/* Begin PBXFileReference section */
		6076E21D1C4FA76600248DF8 /* Click Counter.app */ = {isa = PBXFileReference; explicitFileType = wrapper.application; includeInIndex = 0; path = "Click Counter.app"; sourceTree = BUILT_PRODUCTS_DIR; };
		6076E2211C4FA76600248DF8 /* Info.plist */ = {isa = PBXFileReference; lastKnownFileType = text.plist.xml; path = Info.plist; sourceTree = "<group>"; };
		6076E2221C4FA76600248DF8 /* AppDelegate.swift */ = {isa = PBXFileReference; lastKnownFileType = sourcecode.swift; path = AppDelegate.swift; sourceTree = "<group>"; };
		6076E2241C4FA76600248DF8 /* ViewController.swift */ = {isa = PBXFileReference; lastKnownFileType = sourcecode.swift; path = ViewController.swift; sourceTree = "<group>"; };
		6076E2271C4FA76600248DF8 /* Base */ = {isa = PBXFileReference; lastKnownFileType = file.storyboard; name = Base; path = Base.lproj/Main.storyboard; sourceTree = "<group>"; };
		6076E2291C4FA76600248DF8 /* Images.xcassets */ = {isa = PBXFileReference; lastKnownFileType = folder.assetcatalog; path = Images.xcassets; sourceTree = "<group>"; };
		6076E22C1C4FA76600248DF8 /* Base */ = {isa = PBXFileReference; lastKnownFileType = file.xib; name = Base; path = Base.lproj/LaunchScreen.xib; sourceTree = "<group>"; };
		6076E2321C4FA76600248DF8 /* Click CounterTests.xctest */ = {isa = PBXFileReference; explicitFileType = wrapper.cfbundle; includeInIndex = 0; path = "Click CounterTests.xctest"; sourceTree = BUILT_PRODUCTS_DIR; };
		6076E2371C4FA76600248DF8 /* Info.plist */ = {isa = PBXFileReference; lastKnownFileType = text.plist.xml; path = Info.plist; sourceTree = "<group>"; };
		6076E2381C4FA76600248DF8 /* Click_CounterTests.swift */ = {isa = PBXFileReference; lastKnownFileType = sourcecode.swift; path = Click_CounterTests.swift; sourceTree = "<group>"; };
/* End PBXFileReference section */

/* Begin PBXFrameworksBuildPhase section */
		6076E21A1C4FA76600248DF8 /* Frameworks */ = {
			isa = PBXFrameworksBuildPhase;
			buildActionMask = 2147483647;
			files = (
			);
			runOnlyForDeploymentPostprocessing = 0;
		};
		6076E22F1C4FA76600248DF8 /* Frameworks */ = {
			isa = PBXFrameworksBuildPhase;
			buildActionMask = 2147483647;
			files = (
			);
			runOnlyForDeploymentPostprocessing = 0;
		};
/* End PBXFrameworksBuildPhase section */

/* Begin PBXGroup section */
		6076E2141C4FA76600248DF8 = {
			isa = PBXGroup;
			children = (
				6076E21F1C4FA76600248DF8 /* Click Counter */,
				6076E2351C4FA76600248DF8 /* Click CounterTests */,
				6076E21E1C4FA76600248DF8 /* Products */,
			);
			sourceTree = "<group>";
		};
		6076E21E1C4FA76600248DF8 /* Products */ = {
			isa = PBXGroup;
			children = (
				6076E21D1C4FA76600248DF8 /* Click Counter.app */,
				6076E2321C4FA76600248DF8 /* Click CounterTests.xctest */,
			);
			name = Products;
			sourceTree = "<group>";
		};
		6076E21F1C4FA76600248DF8 /* Click Counter */ = {
			isa = PBXGroup;
			children = (
				6076E2221C4FA76600248DF8 /* AppDelegate.swift */,
				6076E2241C4FA76600248DF8 /* ViewController.swift */,
				6076E2261C4FA76600248DF8 /* Main.storyboard */,
				6076E2291C4FA76600248DF8 /* Images.xcassets */,
				6076E22B1C4FA76600248DF8 /* LaunchScreen.xib */,
				6076E2201C4FA76600248DF8 /* Supporting Files */,
			);
			path = "Click Counter";
			sourceTree = "<group>";
		};
		6076E2201C4FA76600248DF8 /* Supporting Files */ = {
			isa = PBXGroup;
			children = (
				6076E2211C4FA76600248DF8 /* Info.plist */,
			);
			name = "Supporting Files";
			sourceTree = "<group>";
		};
		6076E2351C4FA76600248DF8 /* Click CounterTests */ = {
			isa = PBXGroup;
			children = (
				6076E2381C4FA76600248DF8 /* Click_CounterTests.swift */,
				6076E2361C4FA76600248DF8 /* Supporting Files */,
			);
			path = "Click CounterTests";
			sourceTree = "<group>";
		};
		6076E2361C4FA76600248DF8 /* Supporting Files */ = {
			isa = PBXGroup;
			children = (
				6076E2371C4FA76600248DF8 /* Info.plist */,
			);
			name = "Supporting Files";
			sourceTree = "<group>";
		};
/* End PBXGroup section */

/* Begin PBXNativeTarget section */
		6076E21C1C4FA76600248DF8 /* Click Counter */ = {
			isa = PBXNativeTarget;
			buildConfigurationList = 6076E23C1C4FA76600248DF8 /* Build configuration list for PBXNativeTarget "Click Counter" */;
			buildPhases = (
				6076E2191C4FA76600248DF8 /* Sources */,
				6076E21A1C4FA76600248DF8 /* Frameworks */,
				6076E21B1C4FA76600248DF8 /* Resources */,
			);
			buildRules = (
			);
			dependencies = (
			);
			name = "Click Counter";
			productName = "Click Counter";
			productReference = 6076E21D1C4FA76600248DF8 /* Click Counter.app */;
			productType = "com.apple.product-type.application";
		};
		6076E2311C4FA76600248DF8 /* Click CounterTests */ = {
			isa = PBXNativeTarget;
			buildConfigurationList = 6076E23F1C4FA76600248DF8 /* Build configuration list for PBXNativeTarget "Click CounterTests" */;
			buildPhases = (
				6076E22E1C4FA76600248DF8 /* Sources */,
				6076E22F1C4FA76600248DF8 /* Frameworks */,
				6076E2301C4FA76600248DF8 /* Resources */,
			);
			buildRules = (
			);
			dependencies = (
				6076E2341C4FA76600248DF8 /* PBXTargetDependency */,
			);
			name = "Click CounterTests";
			productName = "Click CounterTests";
			productReference = 6076E2321C4FA76600248DF8 /* Click CounterTests.xctest */;
			productType = "com.apple.product-type.bundle.unit-test";
		};
/* End PBXNativeTarget section */

/* Begin PBXProject section */
		6076E2151C4FA76600248DF8 /* Project object */ = {
			isa = PBXProject;
			attributes = {
				LastUpgradeCheck = 0630;
				ORGANIZATIONNAME = "Brahma Reddy Chilakala";
				TargetAttributes = {
					6076E21C1C4FA76600248DF8 = {
						CreatedOnToolsVersion = 6.3.2;
					};
					6076E2311C4FA76600248DF8 = {
						CreatedOnToolsVersion = 6.3.2;
						TestTargetID = 6076E21C1C4FA76600248DF8;
					};
				};
			};
			buildConfigurationList = 6076E2181C4FA76600248DF8 /* Build configuration list for PBXProject "Click Counter" */;
			compatibilityVersion = "Xcode 3.2";
			developmentRegion = English;
			hasScannedForEncodings = 0;
			knownRegions = (
				en,
				Base,
			);
			mainGroup = 6076E2141C4FA76600248DF8;
			productRefGroup = 6076E21E1C4FA76600248DF8 /* Products */;
			projectDirPath = "";
			projectRoot = "";
			targets = (
				6076E21C1C4FA76600248DF8 /* Click Counter */,
				6076E2311C4FA76600248DF8 /* Click CounterTests */,
			);
		};
/* End PBXProject section */

/* Begin PBXResourcesBuildPhase section */
		6076E21B1C4FA76600248DF8 /* Resources */ = {
			isa = PBXResourcesBuildPhase;
			buildActionMask = 2147483647;
			files = (
				6076E2281C4FA76600248DF8 /* Main.storyboard in Resources */,
				6076E22D1C4FA76600248DF8 /* LaunchScreen.xib in Resources */,
				6076E22A1C4FA76600248DF8 /* Images.xcassets in Resources */,
			);
			runOnlyForDeploymentPostprocessing = 0;
		};
		6076E2301C4FA76600248DF8 /* Resources */ = {
			isa = PBXResourcesBuildPhase;
			buildActionMask = 2147483647;
			files = (
			);
			runOnlyForDeploymentPostprocessing = 0;
		};
/* End PBXResourcesBuildPhase section */

/* Begin PBXSourcesBuildPhase section */
		6076E2191C4FA76600248DF8 /* Sources */ = {
			isa = PBXSourcesBuildPhase;
			buildActionMask = 2147483647;
			files = (
				6076E2251C4FA76600248DF8 /* ViewController.swift in Sources */,
				6076E2231C4FA76600248DF8 /* AppDelegate.swift in Sources */,
			);
			runOnlyForDeploymentPostprocessing = 0;
		};
		6076E22E1C4FA76600248DF8 /* Sources */ = {
			isa = PBXSourcesBuildPhase;
			buildActionMask = 2147483647;
			files = (
				6076E2391C4FA76600248DF8 /* Click_CounterTests.swift in Sources */,
			);
			runOnlyForDeploymentPostprocessing = 0;
		};
/* End PBXSourcesBuildPhase section */

/* Begin PBXTargetDependency section */
		6076E2341C4FA76600248DF8 /* PBXTargetDependency */ = {
			isa = PBXTargetDependency;
			target = 6076E21C1C4FA76600248DF8 /* Click Counter */;
			targetProxy = 6076E2331C4FA76600248DF8 /* PBXContainerItemProxy */;
		};
/* End PBXTargetDependency section */

/* Begin PBXVariantGroup section */
		6076E2261C4FA76600248DF8 /* Main.storyboard */ = {
			isa = PBXVariantGroup;
			children = (
				6076E2271C4FA76600248DF8 /* Base */,
			);
			name = Main.storyboard;
			sourceTree = "<group>";
		};
		6076E22B1C4FA76600248DF8 /* LaunchScreen.xib */ = {
			isa = PBXVariantGroup;
			children = (
				6076E22C1C4FA76600248DF8 /* Base */,
			);
			name = LaunchScreen.xib;
			sourceTree = "<group>";
		};
/* End PBXVariantGroup section */

/* Begin XCBuildConfiguration section */
		6076E23A1C4FA76600248DF8 /* Debug */ = {
			isa = XCBuildConfiguration;
			buildSettings = {
				ALWAYS_SEARCH_USER_PATHS = NO;
				CLANG_CXX_LANGUAGE_STANDARD = "gnu++0x";
				CLANG_CXX_LIBRARY = "libc++";
				CLANG_ENABLE_MODULES = YES;
				CLANG_ENABLE_OBJC_ARC = YES;
				CLANG_WARN_BOOL_CONVERSION = YES;
				CLANG_WARN_CONSTANT_CONVERSION = YES;
				CLANG_WARN_DIRECT_OBJC_ISA_USAGE = YES_ERROR;
				CLANG_WARN_EMPTY_BODY = YES;
				CLANG_WARN_ENUM_CONVERSION = YES;
				CLANG_WARN_INT_CONVERSION = YES;
				CLANG_WARN_OBJC_ROOT_CLASS = YES_ERROR;
				CLANG_WARN_UNREACHABLE_CODE = YES;
				CLANG_WARN__DUPLICATE_METHOD_MATCH = YES;
				"CODE_SIGN_IDENTITY[sdk=iphoneos*]" = "iPhone Developer";
				COPY_PHASE_STRIP = NO;
				DEBUG_INFORMATION_FORMAT = "dwarf-with-dsym";
				ENABLE_STRICT_OBJC_MSGSEND = YES;
				GCC_C_LANGUAGE_STANDARD = gnu99;
				GCC_DYNAMIC_NO_PIC = NO;
				GCC_NO_COMMON_BLOCKS = YES;
				GCC_OPTIMIZATION_LEVEL = 0;
				GCC_PREPROCESSOR_DEFINITIONS = (
					"DEBUG=1",
					"$(inherited)",
				);
				GCC_SYMBOLS_PRIVATE_EXTERN = NO;
				GCC_WARN_64_TO_32_BIT_CONVERSION = YES;
				GCC_WARN_ABOUT_RETURN_TYPE = YES_ERROR;
				GCC_WARN_UNDECLARED_SELECTOR = YES;
				GCC_WARN_UNINITIALIZED_AUTOS = YES_AGGRESSIVE;
				GCC_WARN_UNUSED_FUNCTION = YES;
				GCC_WARN_UNUSED_VARIABLE = YES;
				IPHONEOS_DEPLOYMENT_TARGET = 8.3;
				MTL_ENABLE_DEBUG_INFO = YES;
				ONLY_ACTIVE_ARCH = YES;
				SDKROOT = iphoneos;
				SWIFT_OPTIMIZATION_LEVEL = "-Onone";
			};
			name = Debug;
		};
		6076E23B1C4FA76600248DF8 /* Release */ = {
			isa = XCBuildConfiguration;
			buildSettings = {
				ALWAYS_SEARCH_USER_PATHS = NO;
				CLANG_CXX_LANGUAGE_STANDARD = "gnu++0x";
				CLANG_CXX_LIBRARY = "libc++";
				CLANG_ENABLE_MODULES = YES;
				CLANG_ENABLE_OBJC_ARC = YES;
				CLANG_WARN_BOOL_CONVERSION = YES;
				CLANG_WARN_CONSTANT_CONVERSION = YES;
				CLANG_WARN_DIRECT_OBJC_ISA_USAGE = YES_ERROR;
				CLANG_WARN_EMPTY_BODY = YES;
				CLANG_WARN_ENUM_CONVERSION = YES;
				CLANG_WARN_INT_CONVERSION = YES;
				CLANG_WARN_OBJC_ROOT_CLASS = YES_ERROR;
				CLANG_WARN_UNREACHABLE_CODE = YES;
				CLANG_WARN__DUPLICATE_METHOD_MATCH = YES;
				"CODE_SIGN_IDENTITY[sdk=iphoneos*]" = "iPhone Developer";
				COPY_PHASE_STRIP = NO;
				DEBUG_INFORMATION_FORMAT = "dwarf-with-dsym";
				ENABLE_NS_ASSERTIONS = NO;
				ENABLE_STRICT_OBJC_MSGSEND = YES;
				GCC_C_LANGUAGE_STANDARD = gnu99;
				GCC_NO_COMMON_BLOCKS = YES;
				GCC_WARN_64_TO_32_BIT_CONVERSION = YES;
				GCC_WARN_ABOUT_RETURN_TYPE = YES_ERROR;
				GCC_WARN_UNDECLARED_SELECTOR = YES;
				GCC_WARN_UNINITIALIZED_AUTOS = YES_AGGRESSIVE;
				GCC_WARN_UNUSED_FUNCTION = YES;
				GCC_WARN_UNUSED_VARIABLE = YES;
				IPHONEOS_DEPLOYMENT_TARGET = 8.3;
				MTL_ENABLE_DEBUG_INFO = NO;
				SDKROOT = iphoneos;
				VALIDATE_PRODUCT = YES;
			};
			name = Release;
		};
		6076E23D1C4FA76600248DF8 /* Debug */ = {
			isa = XCBuildConfiguration;
			buildSettings = {
				ASSETCATALOG_COMPILER_APPICON_NAME = AppIcon;
				INFOPLIST_FILE = "Click Counter/Info.plist";
				LD_RUNPATH_SEARCH_PATHS = "$(inherited) @executable_path/Frameworks";
				PRODUCT_NAME = "$(TARGET_NAME)";
			};
			name = Debug;
		};
		6076E23E1C4FA76600248DF8 /* Release */ = {
			isa = XCBuildConfiguration;
			buildSettings = {
				ASSETCATALOG_COMPILER_APPICON_NAME = AppIcon;
				INFOPLIST_FILE = "Click Counter/Info.plist";
				LD_RUNPATH_SEARCH_PATHS = "$(inherited) @executable_path/Frameworks";
				PRODUCT_NAME = "$(TARGET_NAME)";
			};
			name = Release;
		};
		6076E2401C4FA76600248DF8 /* Debug */ = {
			isa = XCBuildConfiguration;
			buildSettings = {
				BUNDLE_LOADER = "$(TEST_HOST)";
				FRAMEWORK_SEARCH_PATHS = (
					"$(SDKROOT)/Developer/Library/Frameworks",
					"$(inherited)",
				);
				GCC_PREPROCESSOR_DEFINITIONS = (
					"DEBUG=1",
					"$(inherited)",
				);
				INFOPLIST_FILE = "Click CounterTests/Info.plist";
				LD_RUNPATH_SEARCH_PATHS = "$(inherited) @executable_path/Frameworks @loader_path/Frameworks";
				PRODUCT_NAME = "$(TARGET_NAME)";
				TEST_HOST = "$(BUILT_PRODUCTS_DIR)/Click Counter.app/Click Counter";
			};
			name = Debug;
		};
		6076E2411C4FA76600248DF8 /* Release */ = {
			isa = XCBuildConfiguration;
			buildSettings = {
				BUNDLE_LOADER = "$(TEST_HOST)";
				FRAMEWORK_SEARCH_PATHS = (
					"$(SDKROOT)/Developer/Library/Frameworks",
					"$(inherited)",
				);
				INFOPLIST_FILE = "Click CounterTests/Info.plist";
				LD_RUNPATH_SEARCH_PATHS = "$(inherited) @executable_path/Frameworks @loader_path/Frameworks";
				PRODUCT_NAME = "$(TARGET_NAME)";
				TEST_HOST = "$(BUILT_PRODUCTS_DIR)/Click Counter.app/Click Counter";
			};
			name = Release;
		};
/* End XCBuildConfiguration section */

/* Begin XCConfigurationList section */
		6076E2181C4FA76600248DF8 /* Build configuration list for PBXProject "Click Counter" */ = {
			isa = XCConfigurationList;
			buildConfigurations = (
				6076E23A1C4FA76600248DF8 /* Debug */,
				6076E23B1C4FA76600248DF8 /* Release */,
			);
			defaultConfigurationIsVisible = 0;
			defaultConfigurationName = Release;
		};
		6076E23C1C4FA76600248DF8 /* Build configuration list for PBXNativeTarget "Click Counter" */ = {
			isa = XCConfigurationList;
			buildConfigurations = (
				6076E23D1C4FA76600248DF8 /* Debug */,
				6076E23E1C4FA76600248DF8 /* Release */,
			);
			defaultConfigurationIsVisible = 0;
		};
		6076E23F1C4FA76600248DF8 /* Build configuration list for PBXNativeTarget "Click CounterTests" */ = {
			isa = XCConfigurationList;
			buildConfigurations = (
				6076E2401C4FA76600248DF8 /* Debug */,
				6076E2411C4FA76600248DF8 /* Release */,
			);
			defaultConfigurationIsVisible = 0;
		};
/* End XCConfigurationList section */
	};
	rootObject = 6076E2151C4FA76600248DF8 /* Project object */;
}
